// !$*UTF8*$!
{
	archiveVersion = 1;
	classes = {
	};
	objectVersion = 50;
	objects = {

/* Begin PBXBuildFile section */
		6774DBA9212E868000886DF3 /* DefaultDataResponse.swift in Sources */ = {isa = PBXBuildFile; fileRef = 6774DBA7212E85C600886DF3 /* DefaultDataResponse.swift */; };
		6774DBAC212E88D800886DF3 /* DataResponse.swift in Sources */ = {isa = PBXBuildFile; fileRef = 6774DBAB212E88D800886DF3 /* DataResponse.swift */; };
		6774DBAE212E8A9500886DF3 /* Result.swift in Sources */ = {isa = PBXBuildFile; fileRef = 6774DBAD212E8A9500886DF3 /* Result.swift */; };
		6774DBB2212E8B7100886DF3 /* DataResponseSerialization.swift in Sources */ = {isa = PBXBuildFile; fileRef = 6774DBB1212E8B7100886DF3 /* DataResponseSerialization.swift */; };
		6774DBB4212E8DD800886DF3 /* DataTaskResponseExtension.swift in Sources */ = {isa = PBXBuildFile; fileRef = 6774DBB3212E8DD800886DF3 /* DataTaskResponseExtension.swift */; };
		6774DBB6212E903500886DF3 /* JSONDecoderResponseSerializer.swift in Sources */ = {isa = PBXBuildFile; fileRef = 6774DBB5212E903500886DF3 /* JSONDecoderResponseSerializer.swift */; };
		6774DBBC212EA06400886DF3 /* DataTaskValidationExtension.swift in Sources */ = {isa = PBXBuildFile; fileRef = 6774DBBB212EA06400886DF3 /* DataTaskValidationExtension.swift */; };
		6774DBBE212EA80B00886DF3 /* DataTaskValidation.swift in Sources */ = {isa = PBXBuildFile; fileRef = 6774DBBD212EA80A00886DF3 /* DataTaskValidation.swift */; };
		6774DBC0212EA9F300886DF3 /* StatusCodeValidation.swift in Sources */ = {isa = PBXBuildFile; fileRef = 6774DBBF212EA9F300886DF3 /* StatusCodeValidation.swift */; };
		6774DBE22130185700886DF3 /* Core.framework in Frameworks */ = {isa = PBXBuildFile; fileRef = 6774DBDB2130185700886DF3 /* Core.framework */; };
		6774DBE32130185700886DF3 /* Core.framework in Embed Frameworks */ = {isa = PBXBuildFile; fileRef = 6774DBDB2130185700886DF3 /* Core.framework */; settings = {ATTRIBUTES = (CodeSignOnCopy, RemoveHeadersOnCopy, ); }; };
		6774DBED2130187B00886DF3 /* Core.h in Headers */ = {isa = PBXBuildFile; fileRef = 6774DBEB2130187B00886DF3 /* Core.h */; settings = {ATTRIBUTES = (Public, ); }; };
		6774DBF0213018FD00886DF3 /* Logger.swift in Sources */ = {isa = PBXBuildFile; fileRef = 6774DBEF213018FD00886DF3 /* Logger.swift */; };
		6774DBF2213019BC00886DF3 /* ConsoleLogger.swift in Sources */ = {isa = PBXBuildFile; fileRef = 6774DBF1213019BC00886DF3 /* ConsoleLogger.swift */; };
		6774DBF421301A3500886DF3 /* LoggerManager.swift in Sources */ = {isa = PBXBuildFile; fileRef = 6774DBF321301A3500886DF3 /* LoggerManager.swift */; };
		6774DBF621301C7700886DF3 /* Log.swift in Sources */ = {isa = PBXBuildFile; fileRef = 6774DBF521301C7700886DF3 /* Log.swift */; };
		6774DC092130241F00886DF3 /* Core.framework in Frameworks */ = {isa = PBXBuildFile; fileRef = 6774DBDB2130185700886DF3 /* Core.framework */; };
		6774DC162130244900886DF3 /* LoggerTests.swift in Sources */ = {isa = PBXBuildFile; fileRef = 6774DC142130244900886DF3 /* LoggerTests.swift */; };
		6774DC19213024BE00886DF3 /* TestLogger.swift in Sources */ = {isa = PBXBuildFile; fileRef = 6774DC18213024BE00886DF3 /* TestLogger.swift */; };
		6774DC2821302DB600886DF3 /* DataStore.framework in Frameworks */ = {isa = PBXBuildFile; fileRef = 6774DC1F21302DB500886DF3 /* DataStore.framework */; };
		6774DC3421302DB600886DF3 /* DataStore.framework in Frameworks */ = {isa = PBXBuildFile; fileRef = 6774DC1F21302DB500886DF3 /* DataStore.framework */; };
		6774DC3521302DB600886DF3 /* DataStore.framework in Embed Frameworks */ = {isa = PBXBuildFile; fileRef = 6774DC1F21302DB500886DF3 /* DataStore.framework */; settings = {ATTRIBUTES = (CodeSignOnCopy, RemoveHeadersOnCopy, ); }; };
		6774DC4721302E0000886DF3 /* DataStore.h in Headers */ = {isa = PBXBuildFile; fileRef = 6774DC4621302DF500886DF3 /* DataStore.h */; settings = {ATTRIBUTES = (Public, ); }; };
		6774DC4821302E7800886DF3 /* DataStoreTests.swift in Sources */ = {isa = PBXBuildFile; fileRef = 6774DC4421302DF500886DF3 /* DataStoreTests.swift */; };
		6774DC4C21302EFB00886DF3 /* DataStore.swift in Sources */ = {isa = PBXBuildFile; fileRef = 6774DC4B21302EFB00886DF3 /* DataStore.swift */; };
		6774DC4E21302F9D00886DF3 /* Storable.swift in Sources */ = {isa = PBXBuildFile; fileRef = 6774DC4D21302F9D00886DF3 /* Storable.swift */; };
		6774DC50213035C300886DF3 /* FileSystemDataStore.swift in Sources */ = {isa = PBXBuildFile; fileRef = 6774DC4F213035C300886DF3 /* FileSystemDataStore.swift */; };
		6774DC522130475800886DF3 /* DataStoreErrors.swift in Sources */ = {isa = PBXBuildFile; fileRef = 6774DC512130475800886DF3 /* DataStoreErrors.swift */; };
		6774DC54213051C100886DF3 /* DataStoreFactory.swift in Sources */ = {isa = PBXBuildFile; fileRef = 6774DC53213051C100886DF3 /* DataStoreFactory.swift */; };
		67978B6E2130631C00230527 /* ImageDownloader.framework in Frameworks */ = {isa = PBXBuildFile; fileRef = 67978B652130631C00230527 /* ImageDownloader.framework */; };
		67978B7A2130631C00230527 /* ImageDownloader.framework in Frameworks */ = {isa = PBXBuildFile; fileRef = 67978B652130631C00230527 /* ImageDownloader.framework */; };
		67978B7B2130631C00230527 /* ImageDownloader.framework in Embed Frameworks */ = {isa = PBXBuildFile; fileRef = 67978B652130631C00230527 /* ImageDownloader.framework */; settings = {ATTRIBUTES = (CodeSignOnCopy, RemoveHeadersOnCopy, ); }; };
		67978B892130637600230527 /* ImageDownloader.h in Headers */ = {isa = PBXBuildFile; fileRef = 67978B872130637600230527 /* ImageDownloader.h */; settings = {ATTRIBUTES = (Public, ); }; };
		67978B902130638200230527 /* ImageDownloaderTests.swift in Sources */ = {isa = PBXBuildFile; fileRef = 67978B8E2130638200230527 /* ImageDownloaderTests.swift */; };
		67978B982130642E00230527 /* ImageDownloader.swift in Sources */ = {isa = PBXBuildFile; fileRef = 67978B972130642E00230527 /* ImageDownloader.swift */; };
		67978B9A2130666400230527 /* ImageDownloaderFactory.swift in Sources */ = {isa = PBXBuildFile; fileRef = 67978B992130666400230527 /* ImageDownloaderFactory.swift */; };
		67978B9C213067EA00230527 /* ImageDownloaderItem.swift in Sources */ = {isa = PBXBuildFile; fileRef = 67978B9B213067EA00230527 /* ImageDownloaderItem.swift */; };
		67978B9E21306E2100230527 /* ImageDownloadTaskSerializer.swift in Sources */ = {isa = PBXBuildFile; fileRef = 67978B9D21306E2100230527 /* ImageDownloadTaskSerializer.swift */; };
		67978BA021306EA000230527 /* ImageDownloaderErrors.swift in Sources */ = {isa = PBXBuildFile; fileRef = 67978B9F21306EA000230527 /* ImageDownloaderErrors.swift */; };
		67978BA221306F4200230527 /* ImageExtensions.swift in Sources */ = {isa = PBXBuildFile; fileRef = 67978BA121306F4200230527 /* ImageExtensions.swift */; };
		67978BA82130815300230527 /* testImage.jpeg in Resources */ = {isa = PBXBuildFile; fileRef = 67978BA72130815300230527 /* testImage.jpeg */; };
		67AA6A99212DE45B00260244 /* Assets.xcassets in Resources */ = {isa = PBXBuildFile; fileRef = 67AA6A8E212DE45B00260244 /* Assets.xcassets */; };
		67AA6A9A212DE45B00260244 /* LaunchScreen.storyboard in Resources */ = {isa = PBXBuildFile; fileRef = 67AA6A90212DE45B00260244 /* LaunchScreen.storyboard */; };
		67AA6A9B212DE45B00260244 /* Main.storyboard in Resources */ = {isa = PBXBuildFile; fileRef = 67AA6A92212DE45B00260244 /* Main.storyboard */; };
		67AA6A9D212DE45B00260244 /* AppDelegate.swift in Sources */ = {isa = PBXBuildFile; fileRef = 67AA6A97212DE45B00260244 /* AppDelegate.swift */; };
		67AA6A9E212DE45B00260244 /* ViewController.swift in Sources */ = {isa = PBXBuildFile; fileRef = 67AA6A98212DE45B00260244 /* ViewController.swift */; };
		67AA6AAD212DE83C00260244 /* URLAccess.framework in Frameworks */ = {isa = PBXBuildFile; fileRef = 67AA6AA4212DE83C00260244 /* URLAccess.framework */; };
		67AA6AB9212DE83C00260244 /* URLAccess.framework in Frameworks */ = {isa = PBXBuildFile; fileRef = 67AA6AA4212DE83C00260244 /* URLAccess.framework */; };
		67AA6ABA212DE83C00260244 /* URLAccess.framework in Embed Frameworks */ = {isa = PBXBuildFile; fileRef = 67AA6AA4212DE83C00260244 /* URLAccess.framework */; settings = {ATTRIBUTES = (CodeSignOnCopy, RemoveHeadersOnCopy, ); }; };
		67AA6ACB212DE88200260244 /* URLAccess.h in Headers */ = {isa = PBXBuildFile; fileRef = 67AA6AC7212DE87600260244 /* URLAccess.h */; settings = {ATTRIBUTES = (Public, ); }; };
		67AA6ACE212DF33800260244 /* URLAccess.swift in Sources */ = {isa = PBXBuildFile; fileRef = 67AA6ACD212DF33800260244 /* URLAccess.swift */; };
		67AA6AD0212DF35000260244 /* Task.swift in Sources */ = {isa = PBXBuildFile; fileRef = 67AA6ACF212DF35000260244 /* Task.swift */; };
		67AA6AD4212DF38F00260244 /* DataTask.swift in Sources */ = {isa = PBXBuildFile; fileRef = 67AA6AD3212DF38F00260244 /* DataTask.swift */; };
		67AA6AD6212DF3B800260244 /* SessionDelegate.swift in Sources */ = {isa = PBXBuildFile; fileRef = 67AA6AD5212DF3B800260244 /* SessionDelegate.swift */; };
		67AA6AD8212DFB2200260244 /* TaskSessionDelegate.swift in Sources */ = {isa = PBXBuildFile; fileRef = 67AA6AD7212DFB2200260244 /* TaskSessionDelegate.swift */; };
		67AA6ADA212DFEAA00260244 /* URLAccessErrors.swift in Sources */ = {isa = PBXBuildFile; fileRef = 67AA6AD9212DFEAA00260244 /* URLAccessErrors.swift */; };
		67AA6B10212F51F100260244 /* test.js in Resources */ = {isa = PBXBuildFile; fileRef = 67AA6B0D212F51F100260244 /* test.js */; };
		67AA6B14212F522A00260244 /* URLAccessTestModels.swift in Sources */ = {isa = PBXBuildFile; fileRef = 67AA6B12212F522A00260244 /* URLAccessTestModels.swift */; };
		67AA6B15212F522A00260244 /* URLAccessTests.swift in Sources */ = {isa = PBXBuildFile; fileRef = 67AA6B13212F522A00260244 /* URLAccessTests.swift */; };
/* End PBXBuildFile section */

/* Begin PBXContainerItemProxy section */
		6774DBE02130185700886DF3 /* PBXContainerItemProxy */ = {
			isa = PBXContainerItemProxy;
			containerPortal = 67AA6A70212DE41400260244 /* Project object */;
			proxyType = 1;
			remoteGlobalIDString = 6774DBDA2130185700886DF3;
			remoteInfo = Core;
		};
		6774DBF721301D6800886DF3 /* PBXContainerItemProxy */ = {
			isa = PBXContainerItemProxy;
			containerPortal = 67AA6A70212DE41400260244 /* Project object */;
			proxyType = 1;
			remoteGlobalIDString = 6774DBDA2130185700886DF3;
			remoteInfo = Core;
		};
		6774DC0A2130241F00886DF3 /* PBXContainerItemProxy */ = {
			isa = PBXContainerItemProxy;
			containerPortal = 67AA6A70212DE41400260244 /* Project object */;
			proxyType = 1;
			remoteGlobalIDString = 6774DBDA2130185700886DF3;
			remoteInfo = Core;
		};
		6774DC2921302DB600886DF3 /* PBXContainerItemProxy */ = {
			isa = PBXContainerItemProxy;
			containerPortal = 67AA6A70212DE41400260244 /* Project object */;
			proxyType = 1;
			remoteGlobalIDString = 6774DC1E21302DB500886DF3;
			remoteInfo = DataStore;
		};
		6774DC2B21302DB600886DF3 /* PBXContainerItemProxy */ = {
			isa = PBXContainerItemProxy;
			containerPortal = 67AA6A70212DE41400260244 /* Project object */;
			proxyType = 1;
			remoteGlobalIDString = 67AA6A77212DE41400260244;
			remoteInfo = TopReddit;
		};
		6774DC3221302DB600886DF3 /* PBXContainerItemProxy */ = {
			isa = PBXContainerItemProxy;
			containerPortal = 67AA6A70212DE41400260244 /* Project object */;
			proxyType = 1;
			remoteGlobalIDString = 6774DC1E21302DB500886DF3;
			remoteInfo = DataStore;
		};
		6774DC4921302E9D00886DF3 /* PBXContainerItemProxy */ = {
			isa = PBXContainerItemProxy;
			containerPortal = 67AA6A70212DE41400260244 /* Project object */;
			proxyType = 1;
			remoteGlobalIDString = 6774DBDA2130185700886DF3;
			remoteInfo = Core;
		};
		6774DC552130541100886DF3 /* PBXContainerItemProxy */ = {
			isa = PBXContainerItemProxy;
			containerPortal = 67AA6A70212DE41400260244 /* Project object */;
			proxyType = 1;
			remoteGlobalIDString = 67AA6A77212DE41400260244;
			remoteInfo = TopReddit;
		};
		67978B6F2130631C00230527 /* PBXContainerItemProxy */ = {
			isa = PBXContainerItemProxy;
			containerPortal = 67AA6A70212DE41400260244 /* Project object */;
			proxyType = 1;
			remoteGlobalIDString = 67978B642130631C00230527;
			remoteInfo = ImageDownloader;
		};
		67978B712130631C00230527 /* PBXContainerItemProxy */ = {
			isa = PBXContainerItemProxy;
			containerPortal = 67AA6A70212DE41400260244 /* Project object */;
			proxyType = 1;
			remoteGlobalIDString = 67AA6A77212DE41400260244;
			remoteInfo = TopReddit;
		};
		67978B782130631C00230527 /* PBXContainerItemProxy */ = {
			isa = PBXContainerItemProxy;
			containerPortal = 67AA6A70212DE41400260244 /* Project object */;
			proxyType = 1;
			remoteGlobalIDString = 67978B642130631C00230527;
			remoteInfo = ImageDownloader;
		};
		67978B91213063D700230527 /* PBXContainerItemProxy */ = {
			isa = PBXContainerItemProxy;
			containerPortal = 67AA6A70212DE41400260244 /* Project object */;
			proxyType = 1;
			remoteGlobalIDString = 67AA6AA3212DE83C00260244;
			remoteInfo = URLAccess;
		};
		67978B93213063D700230527 /* PBXContainerItemProxy */ = {
			isa = PBXContainerItemProxy;
			containerPortal = 67AA6A70212DE41400260244 /* Project object */;
			proxyType = 1;
			remoteGlobalIDString = 6774DBDA2130185700886DF3;
			remoteInfo = Core;
		};
		67978B95213063D700230527 /* PBXContainerItemProxy */ = {
			isa = PBXContainerItemProxy;
			containerPortal = 67AA6A70212DE41400260244 /* Project object */;
			proxyType = 1;
			remoteGlobalIDString = 6774DC1E21302DB500886DF3;
			remoteInfo = DataStore;
		};
		67AA6AAE212DE83C00260244 /* PBXContainerItemProxy */ = {
			isa = PBXContainerItemProxy;
			containerPortal = 67AA6A70212DE41400260244 /* Project object */;
			proxyType = 1;
			remoteGlobalIDString = 67AA6AA3212DE83C00260244;
			remoteInfo = URLAccess;
		};
		67AA6AB0212DE83C00260244 /* PBXContainerItemProxy */ = {
			isa = PBXContainerItemProxy;
			containerPortal = 67AA6A70212DE41400260244 /* Project object */;
			proxyType = 1;
			remoteGlobalIDString = 67AA6A77212DE41400260244;
			remoteInfo = TopReddit;
		};
		67AA6AB7212DE83C00260244 /* PBXContainerItemProxy */ = {
			isa = PBXContainerItemProxy;
			containerPortal = 67AA6A70212DE41400260244 /* Project object */;
			proxyType = 1;
			remoteGlobalIDString = 67AA6AA3212DE83C00260244;
			remoteInfo = URLAccess;
		};
/* End PBXContainerItemProxy section */

/* Begin PBXCopyFilesBuildPhase section */
		67AA6ABE212DE83C00260244 /* Embed Frameworks */ = {
			isa = PBXCopyFilesBuildPhase;
			buildActionMask = 2147483647;
			dstPath = "";
			dstSubfolderSpec = 10;
			files = (
				67AA6ABA212DE83C00260244 /* URLAccess.framework in Embed Frameworks */,
				6774DBE32130185700886DF3 /* Core.framework in Embed Frameworks */,
				6774DC3521302DB600886DF3 /* DataStore.framework in Embed Frameworks */,
				67978B7B2130631C00230527 /* ImageDownloader.framework in Embed Frameworks */,
			);
			name = "Embed Frameworks";
			runOnlyForDeploymentPostprocessing = 0;
		};
/* End PBXCopyFilesBuildPhase section */

/* Begin PBXFileReference section */
		6774DBA7212E85C600886DF3 /* DefaultDataResponse.swift */ = {isa = PBXFileReference; lastKnownFileType = sourcecode.swift; path = DefaultDataResponse.swift; sourceTree = "<group>"; };
		6774DBAB212E88D800886DF3 /* DataResponse.swift */ = {isa = PBXFileReference; lastKnownFileType = sourcecode.swift; path = DataResponse.swift; sourceTree = "<group>"; };
		6774DBAD212E8A9500886DF3 /* Result.swift */ = {isa = PBXFileReference; lastKnownFileType = sourcecode.swift; path = Result.swift; sourceTree = "<group>"; };
		6774DBB1212E8B7100886DF3 /* DataResponseSerialization.swift */ = {isa = PBXFileReference; lastKnownFileType = sourcecode.swift; path = DataResponseSerialization.swift; sourceTree = "<group>"; };
		6774DBB3212E8DD800886DF3 /* DataTaskResponseExtension.swift */ = {isa = PBXFileReference; lastKnownFileType = sourcecode.swift; path = DataTaskResponseExtension.swift; sourceTree = "<group>"; };
		6774DBB5212E903500886DF3 /* JSONDecoderResponseSerializer.swift */ = {isa = PBXFileReference; lastKnownFileType = sourcecode.swift; path = JSONDecoderResponseSerializer.swift; sourceTree = "<group>"; };
		6774DBBB212EA06400886DF3 /* DataTaskValidationExtension.swift */ = {isa = PBXFileReference; lastKnownFileType = sourcecode.swift; path = DataTaskValidationExtension.swift; sourceTree = "<group>"; };
		6774DBBD212EA80A00886DF3 /* DataTaskValidation.swift */ = {isa = PBXFileReference; lastKnownFileType = sourcecode.swift; path = DataTaskValidation.swift; sourceTree = "<group>"; };
		6774DBBF212EA9F300886DF3 /* StatusCodeValidation.swift */ = {isa = PBXFileReference; lastKnownFileType = sourcecode.swift; path = StatusCodeValidation.swift; sourceTree = "<group>"; };
		6774DBDB2130185700886DF3 /* Core.framework */ = {isa = PBXFileReference; explicitFileType = wrapper.framework; includeInIndex = 0; path = Core.framework; sourceTree = BUILT_PRODUCTS_DIR; };
		6774DBE92130187B00886DF3 /* Info.plist */ = {isa = PBXFileReference; fileEncoding = 4; lastKnownFileType = text.plist.xml; path = Info.plist; sourceTree = "<group>"; };
		6774DBEB2130187B00886DF3 /* Core.h */ = {isa = PBXFileReference; fileEncoding = 4; lastKnownFileType = sourcecode.c.h; path = Core.h; sourceTree = "<group>"; };
		6774DBEF213018FD00886DF3 /* Logger.swift */ = {isa = PBXFileReference; lastKnownFileType = sourcecode.swift; path = Logger.swift; sourceTree = "<group>"; };
		6774DBF1213019BC00886DF3 /* ConsoleLogger.swift */ = {isa = PBXFileReference; lastKnownFileType = sourcecode.swift; path = ConsoleLogger.swift; sourceTree = "<group>"; };
		6774DBF321301A3500886DF3 /* LoggerManager.swift */ = {isa = PBXFileReference; lastKnownFileType = sourcecode.swift; path = LoggerManager.swift; sourceTree = "<group>"; };
		6774DBF521301C7700886DF3 /* Log.swift */ = {isa = PBXFileReference; lastKnownFileType = sourcecode.swift; path = Log.swift; sourceTree = "<group>"; };
		6774DC042130241F00886DF3 /* CoreTests.xctest */ = {isa = PBXFileReference; explicitFileType = wrapper.cfbundle; includeInIndex = 0; path = CoreTests.xctest; sourceTree = BUILT_PRODUCTS_DIR; };
		6774DC122130244900886DF3 /* Info.plist */ = {isa = PBXFileReference; fileEncoding = 4; lastKnownFileType = text.plist.xml; path = Info.plist; sourceTree = "<group>"; };
		6774DC142130244900886DF3 /* LoggerTests.swift */ = {isa = PBXFileReference; fileEncoding = 4; lastKnownFileType = sourcecode.swift; path = LoggerTests.swift; sourceTree = "<group>"; };
		6774DC18213024BE00886DF3 /* TestLogger.swift */ = {isa = PBXFileReference; lastKnownFileType = sourcecode.swift; path = TestLogger.swift; sourceTree = "<group>"; };
		6774DC1F21302DB500886DF3 /* DataStore.framework */ = {isa = PBXFileReference; explicitFileType = wrapper.framework; includeInIndex = 0; path = DataStore.framework; sourceTree = BUILT_PRODUCTS_DIR; };
		6774DC2721302DB500886DF3 /* DataStoreTests.xctest */ = {isa = PBXFileReference; explicitFileType = wrapper.cfbundle; includeInIndex = 0; path = DataStoreTests.xctest; sourceTree = BUILT_PRODUCTS_DIR; };
		6774DC3F21302DF500886DF3 /* Info.plist */ = {isa = PBXFileReference; lastKnownFileType = text.plist.xml; path = Info.plist; sourceTree = "<group>"; };
		6774DC4221302DF500886DF3 /* Info.plist */ = {isa = PBXFileReference; lastKnownFileType = text.plist.xml; path = Info.plist; sourceTree = "<group>"; };
		6774DC4421302DF500886DF3 /* DataStoreTests.swift */ = {isa = PBXFileReference; lastKnownFileType = sourcecode.swift; path = DataStoreTests.swift; sourceTree = "<group>"; };
		6774DC4621302DF500886DF3 /* DataStore.h */ = {isa = PBXFileReference; lastKnownFileType = sourcecode.c.h; path = DataStore.h; sourceTree = "<group>"; };
		6774DC4B21302EFB00886DF3 /* DataStore.swift */ = {isa = PBXFileReference; lastKnownFileType = sourcecode.swift; path = DataStore.swift; sourceTree = "<group>"; };
		6774DC4D21302F9D00886DF3 /* Storable.swift */ = {isa = PBXFileReference; lastKnownFileType = sourcecode.swift; path = Storable.swift; sourceTree = "<group>"; };
		6774DC4F213035C300886DF3 /* FileSystemDataStore.swift */ = {isa = PBXFileReference; lastKnownFileType = sourcecode.swift; path = FileSystemDataStore.swift; sourceTree = "<group>"; };
		6774DC512130475800886DF3 /* DataStoreErrors.swift */ = {isa = PBXFileReference; lastKnownFileType = sourcecode.swift; path = DataStoreErrors.swift; sourceTree = "<group>"; };
		6774DC53213051C100886DF3 /* DataStoreFactory.swift */ = {isa = PBXFileReference; lastKnownFileType = sourcecode.swift; path = DataStoreFactory.swift; sourceTree = "<group>"; };
		67978B652130631C00230527 /* ImageDownloader.framework */ = {isa = PBXFileReference; explicitFileType = wrapper.framework; includeInIndex = 0; path = ImageDownloader.framework; sourceTree = BUILT_PRODUCTS_DIR; };
		67978B6D2130631C00230527 /* ImageDownloaderTests.xctest */ = {isa = PBXFileReference; explicitFileType = wrapper.cfbundle; includeInIndex = 0; path = ImageDownloaderTests.xctest; sourceTree = BUILT_PRODUCTS_DIR; };
		67978B852130637600230527 /* Info.plist */ = {isa = PBXFileReference; fileEncoding = 4; lastKnownFileType = text.plist.xml; path = Info.plist; sourceTree = "<group>"; };
		67978B872130637600230527 /* ImageDownloader.h */ = {isa = PBXFileReference; fileEncoding = 4; lastKnownFileType = sourcecode.c.h; path = ImageDownloader.h; sourceTree = "<group>"; };
		67978B8C2130638200230527 /* Info.plist */ = {isa = PBXFileReference; fileEncoding = 4; lastKnownFileType = text.plist.xml; path = Info.plist; sourceTree = "<group>"; };
		67978B8E2130638200230527 /* ImageDownloaderTests.swift */ = {isa = PBXFileReference; fileEncoding = 4; lastKnownFileType = sourcecode.swift; path = ImageDownloaderTests.swift; sourceTree = "<group>"; };
		67978B972130642E00230527 /* ImageDownloader.swift */ = {isa = PBXFileReference; lastKnownFileType = sourcecode.swift; path = ImageDownloader.swift; sourceTree = "<group>"; };
		67978B992130666400230527 /* ImageDownloaderFactory.swift */ = {isa = PBXFileReference; lastKnownFileType = sourcecode.swift; path = ImageDownloaderFactory.swift; sourceTree = "<group>"; };
		67978B9B213067EA00230527 /* ImageDownloaderItem.swift */ = {isa = PBXFileReference; lastKnownFileType = sourcecode.swift; path = ImageDownloaderItem.swift; sourceTree = "<group>"; };
		67978B9D21306E2100230527 /* ImageDownloadTaskSerializer.swift */ = {isa = PBXFileReference; lastKnownFileType = sourcecode.swift; path = ImageDownloadTaskSerializer.swift; sourceTree = "<group>"; };
		67978B9F21306EA000230527 /* ImageDownloaderErrors.swift */ = {isa = PBXFileReference; lastKnownFileType = sourcecode.swift; path = ImageDownloaderErrors.swift; sourceTree = "<group>"; };
		67978BA121306F4200230527 /* ImageExtensions.swift */ = {isa = PBXFileReference; lastKnownFileType = sourcecode.swift; path = ImageExtensions.swift; sourceTree = "<group>"; };
		67978BA72130815300230527 /* testImage.jpeg */ = {isa = PBXFileReference; lastKnownFileType = image.jpeg; path = testImage.jpeg; sourceTree = "<group>"; };
		67AA6A78212DE41400260244 /* TopReddit.app */ = {isa = PBXFileReference; explicitFileType = wrapper.application; includeInIndex = 0; path = TopReddit.app; sourceTree = BUILT_PRODUCTS_DIR; };
		67AA6A8E212DE45B00260244 /* Assets.xcassets */ = {isa = PBXFileReference; lastKnownFileType = folder.assetcatalog; path = Assets.xcassets; sourceTree = "<group>"; };
		67AA6A91212DE45B00260244 /* Base */ = {isa = PBXFileReference; lastKnownFileType = file.storyboard; name = Base; path = Base.lproj/LaunchScreen.storyboard; sourceTree = "<group>"; };
		67AA6A93212DE45B00260244 /* Base */ = {isa = PBXFileReference; lastKnownFileType = file.storyboard; name = Base; path = Base.lproj/Main.storyboard; sourceTree = "<group>"; };
		67AA6A95212DE45B00260244 /* Info.plist */ = {isa = PBXFileReference; fileEncoding = 4; lastKnownFileType = text.plist.xml; path = Info.plist; sourceTree = "<group>"; };
		67AA6A97212DE45B00260244 /* AppDelegate.swift */ = {isa = PBXFileReference; fileEncoding = 4; lastKnownFileType = sourcecode.swift; path = AppDelegate.swift; sourceTree = "<group>"; };
		67AA6A98212DE45B00260244 /* ViewController.swift */ = {isa = PBXFileReference; fileEncoding = 4; lastKnownFileType = sourcecode.swift; path = ViewController.swift; sourceTree = "<group>"; };
		67AA6AA4212DE83C00260244 /* URLAccess.framework */ = {isa = PBXFileReference; explicitFileType = wrapper.framework; includeInIndex = 0; path = URLAccess.framework; sourceTree = BUILT_PRODUCTS_DIR; };
		67AA6AAC212DE83C00260244 /* URLAccessTests.xctest */ = {isa = PBXFileReference; explicitFileType = wrapper.cfbundle; includeInIndex = 0; path = URLAccessTests.xctest; sourceTree = BUILT_PRODUCTS_DIR; };
		67AA6AC5212DE87600260244 /* Info.plist */ = {isa = PBXFileReference; lastKnownFileType = text.plist.xml; path = Info.plist; sourceTree = "<group>"; };
		67AA6AC7212DE87600260244 /* URLAccess.h */ = {isa = PBXFileReference; lastKnownFileType = sourcecode.c.h; path = URLAccess.h; sourceTree = "<group>"; };
		67AA6ACD212DF33800260244 /* URLAccess.swift */ = {isa = PBXFileReference; lastKnownFileType = sourcecode.swift; path = URLAccess.swift; sourceTree = "<group>"; };
		67AA6ACF212DF35000260244 /* Task.swift */ = {isa = PBXFileReference; lastKnownFileType = sourcecode.swift; path = Task.swift; sourceTree = "<group>"; };
		67AA6AD3212DF38F00260244 /* DataTask.swift */ = {isa = PBXFileReference; lastKnownFileType = sourcecode.swift; path = DataTask.swift; sourceTree = "<group>"; };
		67AA6AD5212DF3B800260244 /* SessionDelegate.swift */ = {isa = PBXFileReference; lastKnownFileType = sourcecode.swift; path = SessionDelegate.swift; sourceTree = "<group>"; };
		67AA6AD7212DFB2200260244 /* TaskSessionDelegate.swift */ = {isa = PBXFileReference; lastKnownFileType = sourcecode.swift; path = TaskSessionDelegate.swift; sourceTree = "<group>"; };
		67AA6AD9212DFEAA00260244 /* URLAccessErrors.swift */ = {isa = PBXFileReference; lastKnownFileType = sourcecode.swift; path = URLAccessErrors.swift; sourceTree = "<group>"; };
		67AA6B0C212F51F100260244 /* Info.plist */ = {isa = PBXFileReference; fileEncoding = 4; lastKnownFileType = text.plist.xml; path = Info.plist; sourceTree = "<group>"; };
		67AA6B0D212F51F100260244 /* test.js */ = {isa = PBXFileReference; fileEncoding = 4; lastKnownFileType = sourcecode.javascript; path = test.js; sourceTree = "<group>"; };
		67AA6B12212F522A00260244 /* URLAccessTestModels.swift */ = {isa = PBXFileReference; fileEncoding = 4; lastKnownFileType = sourcecode.swift; path = URLAccessTestModels.swift; sourceTree = "<group>"; };
		67AA6B13212F522A00260244 /* URLAccessTests.swift */ = {isa = PBXFileReference; fileEncoding = 4; lastKnownFileType = sourcecode.swift; path = URLAccessTests.swift; sourceTree = "<group>"; };
/* End PBXFileReference section */

/* Begin PBXFrameworksBuildPhase section */
		6774DBD72130185700886DF3 /* Frameworks */ = {
			isa = PBXFrameworksBuildPhase;
			buildActionMask = 2147483647;
			files = (
			);
			runOnlyForDeploymentPostprocessing = 0;
		};
		6774DC012130241F00886DF3 /* Frameworks */ = {
			isa = PBXFrameworksBuildPhase;
			buildActionMask = 2147483647;
			files = (
				6774DC092130241F00886DF3 /* Core.framework in Frameworks */,
			);
			runOnlyForDeploymentPostprocessing = 0;
		};
		6774DC1B21302DB500886DF3 /* Frameworks */ = {
			isa = PBXFrameworksBuildPhase;
			buildActionMask = 2147483647;
			files = (
			);
			runOnlyForDeploymentPostprocessing = 0;
		};
		6774DC2421302DB500886DF3 /* Frameworks */ = {
			isa = PBXFrameworksBuildPhase;
			buildActionMask = 2147483647;
			files = (
				6774DC2821302DB600886DF3 /* DataStore.framework in Frameworks */,
			);
			runOnlyForDeploymentPostprocessing = 0;
		};
		67978B612130631C00230527 /* Frameworks */ = {
			isa = PBXFrameworksBuildPhase;
			buildActionMask = 2147483647;
			files = (
			);
			runOnlyForDeploymentPostprocessing = 0;
		};
		67978B6A2130631C00230527 /* Frameworks */ = {
			isa = PBXFrameworksBuildPhase;
			buildActionMask = 2147483647;
			files = (
				67978B6E2130631C00230527 /* ImageDownloader.framework in Frameworks */,
			);
			runOnlyForDeploymentPostprocessing = 0;
		};
		67AA6A75212DE41400260244 /* Frameworks */ = {
			isa = PBXFrameworksBuildPhase;
			buildActionMask = 2147483647;
			files = (
				67AA6AB9212DE83C00260244 /* URLAccess.framework in Frameworks */,
				6774DBE22130185700886DF3 /* Core.framework in Frameworks */,
				6774DC3421302DB600886DF3 /* DataStore.framework in Frameworks */,
				67978B7A2130631C00230527 /* ImageDownloader.framework in Frameworks */,
			);
			runOnlyForDeploymentPostprocessing = 0;
		};
		67AA6AA0212DE83C00260244 /* Frameworks */ = {
			isa = PBXFrameworksBuildPhase;
			buildActionMask = 2147483647;
			files = (
			);
			runOnlyForDeploymentPostprocessing = 0;
		};
		67AA6AA9212DE83C00260244 /* Frameworks */ = {
			isa = PBXFrameworksBuildPhase;
			buildActionMask = 2147483647;
			files = (
				67AA6AAD212DE83C00260244 /* URLAccess.framework in Frameworks */,
			);
			runOnlyForDeploymentPostprocessing = 0;
		};
/* End PBXFrameworksBuildPhase section */

/* Begin PBXGroup section */
		6774DBAA212E88AA00886DF3 /* Response */ = {
			isa = PBXGroup;
			children = (
				6774DBB3212E8DD800886DF3 /* DataTaskResponseExtension.swift */,
				6774DBA7212E85C600886DF3 /* DefaultDataResponse.swift */,
				6774DBAB212E88D800886DF3 /* DataResponse.swift */,
				6774DBAD212E8A9500886DF3 /* Result.swift */,
			);
			path = Response;
			sourceTree = "<group>";
		};
		6774DBB7212E991200886DF3 /* ResponseSerializers */ = {
			isa = PBXGroup;
			children = (
				6774DBB1212E8B7100886DF3 /* DataResponseSerialization.swift */,
				6774DBB5212E903500886DF3 /* JSONDecoderResponseSerializer.swift */,
			);
			path = ResponseSerializers;
			sourceTree = "<group>";
		};
		6774DBB8212EA01000886DF3 /* ResponseValidations */ = {
			isa = PBXGroup;
			children = (
				6774DBBD212EA80A00886DF3 /* DataTaskValidation.swift */,
				6774DBBB212EA06400886DF3 /* DataTaskValidationExtension.swift */,
				6774DBBF212EA9F300886DF3 /* StatusCodeValidation.swift */,
			);
			path = ResponseValidations;
			sourceTree = "<group>";
		};
		6774DBE72130187B00886DF3 /* Core */ = {
			isa = PBXGroup;
			children = (
				6774DBEA2130187B00886DF3 /* Sources */,
				6774DBE82130187B00886DF3 /* Resources */,
				6774DC0F2130244900886DF3 /* Tests */,
			);
			path = Core;
			sourceTree = "<group>";
		};
		6774DBE82130187B00886DF3 /* Resources */ = {
			isa = PBXGroup;
			children = (
				6774DBE92130187B00886DF3 /* Info.plist */,
			);
			path = Resources;
			sourceTree = "<group>";
		};
		6774DBEA2130187B00886DF3 /* Sources */ = {
			isa = PBXGroup;
			children = (
				6774DBEB2130187B00886DF3 /* Core.h */,
				6774DBEE213018C900886DF3 /* Logger */,
			);
			path = Sources;
			sourceTree = "<group>";
		};
		6774DBEE213018C900886DF3 /* Logger */ = {
			isa = PBXGroup;
			children = (
				6774DBEF213018FD00886DF3 /* Logger.swift */,
				6774DBF1213019BC00886DF3 /* ConsoleLogger.swift */,
				6774DBF321301A3500886DF3 /* LoggerManager.swift */,
				6774DBF521301C7700886DF3 /* Log.swift */,
			);
			path = Logger;
			sourceTree = "<group>";
		};
		6774DC0F2130244900886DF3 /* Tests */ = {
			isa = PBXGroup;
			children = (
				6774DC132130244900886DF3 /* Sources */,
				6774DC102130244900886DF3 /* Resources */,
			);
			path = Tests;
			sourceTree = "<group>";
		};
		6774DC102130244900886DF3 /* Resources */ = {
			isa = PBXGroup;
			children = (
				6774DC112130244900886DF3 /* Plists */,
			);
			path = Resources;
			sourceTree = "<group>";
		};
		6774DC112130244900886DF3 /* Plists */ = {
			isa = PBXGroup;
			children = (
				6774DC122130244900886DF3 /* Info.plist */,
			);
			path = Plists;
			sourceTree = "<group>";
		};
		6774DC132130244900886DF3 /* Sources */ = {
			isa = PBXGroup;
			children = (
				6774DC142130244900886DF3 /* LoggerTests.swift */,
				6774DC17213024B700886DF3 /* Shared */,
			);
			path = Sources;
			sourceTree = "<group>";
		};
		6774DC17213024B700886DF3 /* Shared */ = {
			isa = PBXGroup;
			children = (
				6774DC18213024BE00886DF3 /* TestLogger.swift */,
			);
			path = Shared;
			sourceTree = "<group>";
		};
		6774DC3C21302DF500886DF3 /* DataStore */ = {
			isa = PBXGroup;
			children = (
				6774DC4521302DF500886DF3 /* Sources */,
				6774DC3D21302DF500886DF3 /* Resources */,
				6774DC4021302DF500886DF3 /* Tests */,
			);
			path = DataStore;
			sourceTree = "<group>";
		};
		6774DC3D21302DF500886DF3 /* Resources */ = {
			isa = PBXGroup;
			children = (
				6774DC3E21302DF500886DF3 /* Plists */,
			);
			path = Resources;
			sourceTree = "<group>";
		};
		6774DC3E21302DF500886DF3 /* Plists */ = {
			isa = PBXGroup;
			children = (
				6774DC3F21302DF500886DF3 /* Info.plist */,
			);
			path = Plists;
			sourceTree = "<group>";
		};
		6774DC4021302DF500886DF3 /* Tests */ = {
			isa = PBXGroup;
			children = (
				6774DC4321302DF500886DF3 /* Sources */,
				6774DC4121302DF500886DF3 /* Resources */,
			);
			path = Tests;
			sourceTree = "<group>";
		};
		6774DC4121302DF500886DF3 /* Resources */ = {
			isa = PBXGroup;
			children = (
				6774DC4221302DF500886DF3 /* Info.plist */,
			);
			path = Resources;
			sourceTree = "<group>";
		};
		6774DC4321302DF500886DF3 /* Sources */ = {
			isa = PBXGroup;
			children = (
				6774DC4421302DF500886DF3 /* DataStoreTests.swift */,
			);
			path = Sources;
			sourceTree = "<group>";
		};
		6774DC4521302DF500886DF3 /* Sources */ = {
			isa = PBXGroup;
			children = (
				6774DC4621302DF500886DF3 /* DataStore.h */,
				6774DC4B21302EFB00886DF3 /* DataStore.swift */,
				6774DC53213051C100886DF3 /* DataStoreFactory.swift */,
				6774DC4D21302F9D00886DF3 /* Storable.swift */,
				6774DC4F213035C300886DF3 /* FileSystemDataStore.swift */,
				6774DC512130475800886DF3 /* DataStoreErrors.swift */,
			);
			path = Sources;
			sourceTree = "<group>";
		};
		67978B822130637600230527 /* ImageDownloader */ = {
			isa = PBXGroup;
			children = (
				67978B862130637600230527 /* Sources */,
				67978B832130637600230527 /* Resources */,
				67978B8A2130638200230527 /* Tests */,
			);
			path = ImageDownloader;
			sourceTree = "<group>";
		};
		67978B832130637600230527 /* Resources */ = {
			isa = PBXGroup;
			children = (
				67978BA32130813400230527 /* Data */,
				67978B842130637600230527 /* Plists */,
			);
			path = Resources;
			sourceTree = "<group>";
		};
		67978B842130637600230527 /* Plists */ = {
			isa = PBXGroup;
			children = (
				67978B852130637600230527 /* Info.plist */,
			);
			path = Plists;
			sourceTree = "<group>";
		};
		67978B862130637600230527 /* Sources */ = {
			isa = PBXGroup;
			children = (
				67978B872130637600230527 /* ImageDownloader.h */,
				67978B992130666400230527 /* ImageDownloaderFactory.swift */,
				67978B972130642E00230527 /* ImageDownloader.swift */,
				67978B9B213067EA00230527 /* ImageDownloaderItem.swift */,
				67978B9D21306E2100230527 /* ImageDownloadTaskSerializer.swift */,
				67978B9F21306EA000230527 /* ImageDownloaderErrors.swift */,
				67978BA121306F4200230527 /* ImageExtensions.swift */,
			);
			path = Sources;
			sourceTree = "<group>";
		};
		67978B8A2130638200230527 /* Tests */ = {
			isa = PBXGroup;
			children = (
				67978B8D2130638200230527 /* Sources */,
				67978B8B2130638200230527 /* Resources */,
			);
			path = Tests;
			sourceTree = "<group>";
		};
		67978B8B2130638200230527 /* Resources */ = {
			isa = PBXGroup;
			children = (
				67978BA72130815300230527 /* testImage.jpeg */,
				67978B8C2130638200230527 /* Info.plist */,
			);
			path = Resources;
			sourceTree = "<group>";
		};
		67978B8D2130638200230527 /* Sources */ = {
			isa = PBXGroup;
			children = (
				67978B8E2130638200230527 /* ImageDownloaderTests.swift */,
			);
			path = Sources;
			sourceTree = "<group>";
		};
		67978BA32130813400230527 /* Data */ = {
			isa = PBXGroup;
			children = (
			);
			path = Data;
			sourceTree = "<group>";
		};
		67AA6A6F212DE41400260244 = {
			isa = PBXGroup;
			children = (
				67AA6A96212DE45B00260244 /* Sources */,
				67AA6A8D212DE45B00260244 /* Resources */,
				67AA6AC2212DE87600260244 /* Subprojects */,
				67AA6A79212DE41400260244 /* Products */,
			);
			sourceTree = "<group>";
		};
		67AA6A79212DE41400260244 /* Products */ = {
			isa = PBXGroup;
			children = (
				67AA6A78212DE41400260244 /* TopReddit.app */,
				67AA6AA4212DE83C00260244 /* URLAccess.framework */,
				67AA6AAC212DE83C00260244 /* URLAccessTests.xctest */,
				6774DBDB2130185700886DF3 /* Core.framework */,
				6774DC042130241F00886DF3 /* CoreTests.xctest */,
				6774DC1F21302DB500886DF3 /* DataStore.framework */,
				6774DC2721302DB500886DF3 /* DataStoreTests.xctest */,
				67978B652130631C00230527 /* ImageDownloader.framework */,
				67978B6D2130631C00230527 /* ImageDownloaderTests.xctest */,
			);
			name = Products;
			sourceTree = "<group>";
		};
		67AA6A8D212DE45B00260244 /* Resources */ = {
			isa = PBXGroup;
			children = (
				67AA6A8E212DE45B00260244 /* Assets.xcassets */,
				67AA6A8F212DE45B00260244 /* Localizable */,
				67AA6A94212DE45B00260244 /* Plists */,
			);
			path = Resources;
			sourceTree = "<group>";
		};
		67AA6A8F212DE45B00260244 /* Localizable */ = {
			isa = PBXGroup;
			children = (
				67AA6A90212DE45B00260244 /* LaunchScreen.storyboard */,
				67AA6A92212DE45B00260244 /* Main.storyboard */,
			);
			path = Localizable;
			sourceTree = "<group>";
		};
		67AA6A94212DE45B00260244 /* Plists */ = {
			isa = PBXGroup;
			children = (
				67AA6A95212DE45B00260244 /* Info.plist */,
			);
			path = Plists;
			sourceTree = "<group>";
		};
		67AA6A96212DE45B00260244 /* Sources */ = {
			isa = PBXGroup;
			children = (
				67AA6A97212DE45B00260244 /* AppDelegate.swift */,
				67AA6A98212DE45B00260244 /* ViewController.swift */,
			);
			path = Sources;
			sourceTree = "<group>";
		};
		67AA6AC2212DE87600260244 /* Subprojects */ = {
			isa = PBXGroup;
			children = (
				67978B822130637600230527 /* ImageDownloader */,
				6774DBE72130187B00886DF3 /* Core */,
				67AA6AC3212DE87600260244 /* URLAccess */,
				6774DC3C21302DF500886DF3 /* DataStore */,
			);
			path = Subprojects;
			sourceTree = "<group>";
		};
		67AA6AC3212DE87600260244 /* URLAccess */ = {
			isa = PBXGroup;
			children = (
				67AA6AC6212DE87600260244 /* Sources */,
				67AA6AC4212DE87600260244 /* Resources */,
				67AA6AC8212DE87600260244 /* Tests */,
			);
			path = URLAccess;
			sourceTree = "<group>";
		};
		67AA6AC4212DE87600260244 /* Resources */ = {
			isa = PBXGroup;
			children = (
				67AA6AC5212DE87600260244 /* Info.plist */,
			);
			path = Resources;
			sourceTree = "<group>";
		};
		67AA6AC6212DE87600260244 /* Sources */ = {
			isa = PBXGroup;
			children = (
				67AA6AC7212DE87600260244 /* URLAccess.h */,
				67AA6ACD212DF33800260244 /* URLAccess.swift */,
				67AA6AD5212DF3B800260244 /* SessionDelegate.swift */,
				67AA6AD9212DFEAA00260244 /* URLAccessErrors.swift */,
				67AA6B09212F457900260244 /* Tasks */,
				6774DBB8212EA01000886DF3 /* ResponseValidations */,
				6774DBB7212E991200886DF3 /* ResponseSerializers */,
				6774DBAA212E88AA00886DF3 /* Response */,
			);
			path = Sources;
			sourceTree = "<group>";
		};
		67AA6AC8212DE87600260244 /* Tests */ = {
			isa = PBXGroup;
			children = (
				67AA6B11212F522A00260244 /* Sources */,
				67AA6B0A212F51F100260244 /* Resources */,
			);
			path = Tests;
			sourceTree = "<group>";
		};
		67AA6B09212F457900260244 /* Tasks */ = {
			isa = PBXGroup;
			children = (
				67AA6ACF212DF35000260244 /* Task.swift */,
				67AA6AD3212DF38F00260244 /* DataTask.swift */,
				67AA6AD7212DFB2200260244 /* TaskSessionDelegate.swift */,
			);
			path = Tasks;
			sourceTree = "<group>";
		};
		67AA6B0A212F51F100260244 /* Resources */ = {
			isa = PBXGroup;
			children = (
				67AA6B0B212F51F100260244 /* JSON */,
				67AA6B0E212F51F100260244 /* Plists */,
			);
			path = Resources;
			sourceTree = "<group>";
		};
		67AA6B0B212F51F100260244 /* JSON */ = {
			isa = PBXGroup;
			children = (
				67AA6B0D212F51F100260244 /* test.js */,
			);
			path = JSON;
			sourceTree = "<group>";
		};
		67AA6B0E212F51F100260244 /* Plists */ = {
			isa = PBXGroup;
			children = (
				67AA6B0C212F51F100260244 /* Info.plist */,
			);
			path = Plists;
			sourceTree = "<group>";
		};
		67AA6B11212F522A00260244 /* Sources */ = {
			isa = PBXGroup;
			children = (
				67AA6B12212F522A00260244 /* URLAccessTestModels.swift */,
				67AA6B13212F522A00260244 /* URLAccessTests.swift */,
			);
			path = Sources;
			sourceTree = "<group>";
		};
/* End PBXGroup section */

/* Begin PBXHeadersBuildPhase section */
		6774DBD82130185700886DF3 /* Headers */ = {
			isa = PBXHeadersBuildPhase;
			buildActionMask = 2147483647;
			files = (
				6774DBED2130187B00886DF3 /* Core.h in Headers */,
			);
			runOnlyForDeploymentPostprocessing = 0;
		};
		6774DC1C21302DB500886DF3 /* Headers */ = {
			isa = PBXHeadersBuildPhase;
			buildActionMask = 2147483647;
			files = (
				6774DC4721302E0000886DF3 /* DataStore.h in Headers */,
			);
			runOnlyForDeploymentPostprocessing = 0;
		};
		67978B622130631C00230527 /* Headers */ = {
			isa = PBXHeadersBuildPhase;
			buildActionMask = 2147483647;
			files = (
				67978B892130637600230527 /* ImageDownloader.h in Headers */,
			);
			runOnlyForDeploymentPostprocessing = 0;
		};
		67AA6AA1212DE83C00260244 /* Headers */ = {
			isa = PBXHeadersBuildPhase;
			buildActionMask = 2147483647;
			files = (
				67AA6ACB212DE88200260244 /* URLAccess.h in Headers */,
			);
			runOnlyForDeploymentPostprocessing = 0;
		};
/* End PBXHeadersBuildPhase section */

/* Begin PBXNativeTarget section */
		6774DBDA2130185700886DF3 /* Core */ = {
			isa = PBXNativeTarget;
			buildConfigurationList = 6774DBE62130185700886DF3 /* Build configuration list for PBXNativeTarget "Core" */;
			buildPhases = (
				6774DBD62130185700886DF3 /* Sources */,
				6774DBD72130185700886DF3 /* Frameworks */,
				6774DBD82130185700886DF3 /* Headers */,
				6774DBD92130185700886DF3 /* Resources */,
			);
			buildRules = (
			);
			dependencies = (
			);
			name = Core;
			productName = Core;
			productReference = 6774DBDB2130185700886DF3 /* Core.framework */;
			productType = "com.apple.product-type.framework";
		};
		6774DC032130241F00886DF3 /* CoreTests */ = {
			isa = PBXNativeTarget;
			buildConfigurationList = 6774DC0C2130241F00886DF3 /* Build configuration list for PBXNativeTarget "CoreTests" */;
			buildPhases = (
				6774DC002130241F00886DF3 /* Sources */,
				6774DC012130241F00886DF3 /* Frameworks */,
				6774DC022130241F00886DF3 /* Resources */,
			);
			buildRules = (
			);
			dependencies = (
				6774DC0B2130241F00886DF3 /* PBXTargetDependency */,
				6774DC562130541100886DF3 /* PBXTargetDependency */,
			);
			name = CoreTests;
			productName = CoreTests;
			productReference = 6774DC042130241F00886DF3 /* CoreTests.xctest */;
			productType = "com.apple.product-type.bundle.unit-test";
		};
		6774DC1E21302DB500886DF3 /* DataStore */ = {
			isa = PBXNativeTarget;
			buildConfigurationList = 6774DC3621302DB600886DF3 /* Build configuration list for PBXNativeTarget "DataStore" */;
			buildPhases = (
				6774DC1A21302DB500886DF3 /* Sources */,
				6774DC1B21302DB500886DF3 /* Frameworks */,
				6774DC1C21302DB500886DF3 /* Headers */,
				6774DC1D21302DB500886DF3 /* Resources */,
			);
			buildRules = (
			);
			dependencies = (
				6774DC4A21302E9D00886DF3 /* PBXTargetDependency */,
			);
			name = DataStore;
			productName = DataStore;
			productReference = 6774DC1F21302DB500886DF3 /* DataStore.framework */;
			productType = "com.apple.product-type.framework";
		};
		6774DC2621302DB500886DF3 /* DataStoreTests */ = {
			isa = PBXNativeTarget;
			buildConfigurationList = 6774DC3921302DB600886DF3 /* Build configuration list for PBXNativeTarget "DataStoreTests" */;
			buildPhases = (
				6774DC2321302DB500886DF3 /* Sources */,
				6774DC2421302DB500886DF3 /* Frameworks */,
				6774DC2521302DB500886DF3 /* Resources */,
			);
			buildRules = (
			);
			dependencies = (
				6774DC2A21302DB600886DF3 /* PBXTargetDependency */,
				6774DC2C21302DB600886DF3 /* PBXTargetDependency */,
			);
			name = DataStoreTests;
			productName = DataStoreTests;
			productReference = 6774DC2721302DB500886DF3 /* DataStoreTests.xctest */;
			productType = "com.apple.product-type.bundle.unit-test";
		};
		67978B642130631C00230527 /* ImageDownloader */ = {
			isa = PBXNativeTarget;
			buildConfigurationList = 67978B802130631C00230527 /* Build configuration list for PBXNativeTarget "ImageDownloader" */;
			buildPhases = (
				67978B602130631C00230527 /* Sources */,
				67978B612130631C00230527 /* Frameworks */,
				67978B622130631C00230527 /* Headers */,
				67978B632130631C00230527 /* Resources */,
			);
			buildRules = (
			);
			dependencies = (
				67978B92213063D700230527 /* PBXTargetDependency */,
				67978B94213063D700230527 /* PBXTargetDependency */,
				67978B96213063D700230527 /* PBXTargetDependency */,
			);
			name = ImageDownloader;
			productName = ImageDownloader;
			productReference = 67978B652130631C00230527 /* ImageDownloader.framework */;
			productType = "com.apple.product-type.framework";
		};
		67978B6C2130631C00230527 /* ImageDownloaderTests */ = {
			isa = PBXNativeTarget;
			buildConfigurationList = 67978B812130631C00230527 /* Build configuration list for PBXNativeTarget "ImageDownloaderTests" */;
			buildPhases = (
				67978B692130631C00230527 /* Sources */,
				67978B6A2130631C00230527 /* Frameworks */,
				67978B6B2130631C00230527 /* Resources */,
			);
			buildRules = (
			);
			dependencies = (
				67978B702130631C00230527 /* PBXTargetDependency */,
				67978B722130631C00230527 /* PBXTargetDependency */,
			);
			name = ImageDownloaderTests;
			productName = ImageDownloaderTests;
			productReference = 67978B6D2130631C00230527 /* ImageDownloaderTests.xctest */;
			productType = "com.apple.product-type.bundle.unit-test";
		};
		67AA6A77212DE41400260244 /* TopReddit */ = {
			isa = PBXNativeTarget;
			buildConfigurationList = 67AA6A8A212DE41600260244 /* Build configuration list for PBXNativeTarget "TopReddit" */;
			buildPhases = (
				67AA6A74212DE41400260244 /* Sources */,
				67AA6A75212DE41400260244 /* Frameworks */,
				67AA6A76212DE41400260244 /* Resources */,
				67AA6ABE212DE83C00260244 /* Embed Frameworks */,
			);
			buildRules = (
			);
			dependencies = (
				67AA6AB8212DE83C00260244 /* PBXTargetDependency */,
				6774DBE12130185700886DF3 /* PBXTargetDependency */,
				6774DC3321302DB600886DF3 /* PBXTargetDependency */,
				67978B792130631C00230527 /* PBXTargetDependency */,
			);
			name = TopReddit;
			productName = TopReddit;
			productReference = 67AA6A78212DE41400260244 /* TopReddit.app */;
			productType = "com.apple.product-type.application";
		};
		67AA6AA3212DE83C00260244 /* URLAccess */ = {
			isa = PBXNativeTarget;
			buildConfigurationList = 67AA6ABB212DE83C00260244 /* Build configuration list for PBXNativeTarget "URLAccess" */;
			buildPhases = (
				67AA6A9F212DE83C00260244 /* Sources */,
				67AA6AA0212DE83C00260244 /* Frameworks */,
				67AA6AA1212DE83C00260244 /* Headers */,
				67AA6AA2212DE83C00260244 /* Resources */,
			);
			buildRules = (
			);
			dependencies = (
				6774DBF821301D6800886DF3 /* PBXTargetDependency */,
			);
			name = URLAccess;
			productName = URLAccess;
			productReference = 67AA6AA4212DE83C00260244 /* URLAccess.framework */;
			productType = "com.apple.product-type.framework";
		};
		67AA6AAB212DE83C00260244 /* URLAccessTests */ = {
			isa = PBXNativeTarget;
			buildConfigurationList = 67AA6ABF212DE83C00260244 /* Build configuration list for PBXNativeTarget "URLAccessTests" */;
			buildPhases = (
				67AA6AA8212DE83C00260244 /* Sources */,
				67AA6AA9212DE83C00260244 /* Frameworks */,
				67AA6AAA212DE83C00260244 /* Resources */,
			);
			buildRules = (
			);
			dependencies = (
				67AA6AAF212DE83C00260244 /* PBXTargetDependency */,
				67AA6AB1212DE83C00260244 /* PBXTargetDependency */,
			);
			name = URLAccessTests;
			productName = URLAccessTests;
			productReference = 67AA6AAC212DE83C00260244 /* URLAccessTests.xctest */;
			productType = "com.apple.product-type.bundle.unit-test";
		};
/* End PBXNativeTarget section */

/* Begin PBXProject section */
		67AA6A70212DE41400260244 /* Project object */ = {
			isa = PBXProject;
			attributes = {
				LastSwiftUpdateCheck = 0940;
				LastUpgradeCheck = 0940;
				ORGANIZATIONNAME = "Iurii Khomiak";
				TargetAttributes = {
					6774DBDA2130185700886DF3 = {
						CreatedOnToolsVersion = 9.4.1;
						LastSwiftMigration = 0940;
					};
					6774DC032130241F00886DF3 = {
						CreatedOnToolsVersion = 9.4.1;
					};
					6774DC1E21302DB500886DF3 = {
						CreatedOnToolsVersion = 9.4.1;
						LastSwiftMigration = 0940;
					};
					6774DC2621302DB500886DF3 = {
						CreatedOnToolsVersion = 9.4.1;
					};
					67978B642130631C00230527 = {
						CreatedOnToolsVersion = 9.4.1;
						LastSwiftMigration = 0940;
					};
					67978B6C2130631C00230527 = {
						CreatedOnToolsVersion = 9.4.1;
					};
					67AA6A77212DE41400260244 = {
						CreatedOnToolsVersion = 9.4.1;
					};
					67AA6AA3212DE83C00260244 = {
						CreatedOnToolsVersion = 9.4.1;
						LastSwiftMigration = 0940;
					};
					67AA6AAB212DE83C00260244 = {
						CreatedOnToolsVersion = 9.4.1;
					};
				};
			};
			buildConfigurationList = 67AA6A73212DE41400260244 /* Build configuration list for PBXProject "TopReddit" */;
			compatibilityVersion = "Xcode 9.3";
			developmentRegion = en;
			hasScannedForEncodings = 0;
			knownRegions = (
				en,
				Base,
			);
			mainGroup = 67AA6A6F212DE41400260244;
			productRefGroup = 67AA6A79212DE41400260244 /* Products */;
			projectDirPath = "";
			projectRoot = "";
			targets = (
				67AA6A77212DE41400260244 /* TopReddit */,
				67AA6AA3212DE83C00260244 /* URLAccess */,
				67AA6AAB212DE83C00260244 /* URLAccessTests */,
				6774DBDA2130185700886DF3 /* Core */,
				6774DC032130241F00886DF3 /* CoreTests */,
				6774DC1E21302DB500886DF3 /* DataStore */,
				6774DC2621302DB500886DF3 /* DataStoreTests */,
				67978B642130631C00230527 /* ImageDownloader */,
				67978B6C2130631C00230527 /* ImageDownloaderTests */,
			);
		};
/* End PBXProject section */

/* Begin PBXResourcesBuildPhase section */
		6774DBD92130185700886DF3 /* Resources */ = {
			isa = PBXResourcesBuildPhase;
			buildActionMask = 2147483647;
			files = (
			);
			runOnlyForDeploymentPostprocessing = 0;
		};
		6774DC022130241F00886DF3 /* Resources */ = {
			isa = PBXResourcesBuildPhase;
			buildActionMask = 2147483647;
			files = (
			);
			runOnlyForDeploymentPostprocessing = 0;
		};
		6774DC1D21302DB500886DF3 /* Resources */ = {
			isa = PBXResourcesBuildPhase;
			buildActionMask = 2147483647;
			files = (
			);
			runOnlyForDeploymentPostprocessing = 0;
		};
		6774DC2521302DB500886DF3 /* Resources */ = {
			isa = PBXResourcesBuildPhase;
			buildActionMask = 2147483647;
			files = (
			);
			runOnlyForDeploymentPostprocessing = 0;
		};
		67978B632130631C00230527 /* Resources */ = {
			isa = PBXResourcesBuildPhase;
			buildActionMask = 2147483647;
			files = (
			);
			runOnlyForDeploymentPostprocessing = 0;
		};
		67978B6B2130631C00230527 /* Resources */ = {
			isa = PBXResourcesBuildPhase;
			buildActionMask = 2147483647;
			files = (
				67978BA82130815300230527 /* testImage.jpeg in Resources */,
			);
			runOnlyForDeploymentPostprocessing = 0;
		};
		67AA6A76212DE41400260244 /* Resources */ = {
			isa = PBXResourcesBuildPhase;
			buildActionMask = 2147483647;
			files = (
				67AA6A9B212DE45B00260244 /* Main.storyboard in Resources */,
				67AA6A99212DE45B00260244 /* Assets.xcassets in Resources */,
				67AA6A9A212DE45B00260244 /* LaunchScreen.storyboard in Resources */,
			);
			runOnlyForDeploymentPostprocessing = 0;
		};
		67AA6AA2212DE83C00260244 /* Resources */ = {
			isa = PBXResourcesBuildPhase;
			buildActionMask = 2147483647;
			files = (
			);
			runOnlyForDeploymentPostprocessing = 0;
		};
		67AA6AAA212DE83C00260244 /* Resources */ = {
			isa = PBXResourcesBuildPhase;
			buildActionMask = 2147483647;
			files = (
				67AA6B10212F51F100260244 /* test.js in Resources */,
			);
			runOnlyForDeploymentPostprocessing = 0;
		};
/* End PBXResourcesBuildPhase section */

/* Begin PBXSourcesBuildPhase section */
		6774DBD62130185700886DF3 /* Sources */ = {
			isa = PBXSourcesBuildPhase;
			buildActionMask = 2147483647;
			files = (
				6774DBF0213018FD00886DF3 /* Logger.swift in Sources */,
				6774DBF2213019BC00886DF3 /* ConsoleLogger.swift in Sources */,
				6774DBF621301C7700886DF3 /* Log.swift in Sources */,
				6774DBF421301A3500886DF3 /* LoggerManager.swift in Sources */,
			);
			runOnlyForDeploymentPostprocessing = 0;
		};
		6774DC002130241F00886DF3 /* Sources */ = {
			isa = PBXSourcesBuildPhase;
			buildActionMask = 2147483647;
			files = (
				6774DC19213024BE00886DF3 /* TestLogger.swift in Sources */,
				6774DC162130244900886DF3 /* LoggerTests.swift in Sources */,
			);
			runOnlyForDeploymentPostprocessing = 0;
		};
		6774DC1A21302DB500886DF3 /* Sources */ = {
			isa = PBXSourcesBuildPhase;
			buildActionMask = 2147483647;
			files = (
				6774DC54213051C100886DF3 /* DataStoreFactory.swift in Sources */,
				6774DC522130475800886DF3 /* DataStoreErrors.swift in Sources */,
				6774DC4C21302EFB00886DF3 /* DataStore.swift in Sources */,
				6774DC4E21302F9D00886DF3 /* Storable.swift in Sources */,
				6774DC50213035C300886DF3 /* FileSystemDataStore.swift in Sources */,
			);
			runOnlyForDeploymentPostprocessing = 0;
		};
		6774DC2321302DB500886DF3 /* Sources */ = {
			isa = PBXSourcesBuildPhase;
			buildActionMask = 2147483647;
			files = (
				6774DC4821302E7800886DF3 /* DataStoreTests.swift in Sources */,
			);
			runOnlyForDeploymentPostprocessing = 0;
		};
		67978B602130631C00230527 /* Sources */ = {
			isa = PBXSourcesBuildPhase;
			buildActionMask = 2147483647;
			files = (
				67978B9E21306E2100230527 /* ImageDownloadTaskSerializer.swift in Sources */,
				67978B982130642E00230527 /* ImageDownloader.swift in Sources */,
				67978B9C213067EA00230527 /* ImageDownloaderItem.swift in Sources */,
				67978BA221306F4200230527 /* ImageExtensions.swift in Sources */,
				67978B9A2130666400230527 /* ImageDownloaderFactory.swift in Sources */,
				67978BA021306EA000230527 /* ImageDownloaderErrors.swift in Sources */,
			);
			runOnlyForDeploymentPostprocessing = 0;
		};
		67978B692130631C00230527 /* Sources */ = {
			isa = PBXSourcesBuildPhase;
			buildActionMask = 2147483647;
			files = (
				67978B902130638200230527 /* ImageDownloaderTests.swift in Sources */,
			);
			runOnlyForDeploymentPostprocessing = 0;
		};
		67AA6A74212DE41400260244 /* Sources */ = {
			isa = PBXSourcesBuildPhase;
			buildActionMask = 2147483647;
			files = (
				67AA6A9E212DE45B00260244 /* ViewController.swift in Sources */,
				67AA6A9D212DE45B00260244 /* AppDelegate.swift in Sources */,
			);
			runOnlyForDeploymentPostprocessing = 0;
		};
		67AA6A9F212DE83C00260244 /* Sources */ = {
			isa = PBXSourcesBuildPhase;
			buildActionMask = 2147483647;
			files = (
				67AA6AD4212DF38F00260244 /* DataTask.swift in Sources */,
				6774DBBE212EA80B00886DF3 /* DataTaskValidation.swift in Sources */,
				6774DBBC212EA06400886DF3 /* DataTaskValidationExtension.swift in Sources */,
				67AA6AD0212DF35000260244 /* Task.swift in Sources */,
				6774DBC0212EA9F300886DF3 /* StatusCodeValidation.swift in Sources */,
				6774DBB2212E8B7100886DF3 /* DataResponseSerialization.swift in Sources */,
				67AA6ACE212DF33800260244 /* URLAccess.swift in Sources */,
				6774DBAC212E88D800886DF3 /* DataResponse.swift in Sources */,
				6774DBA9212E868000886DF3 /* DefaultDataResponse.swift in Sources */,
				67AA6ADA212DFEAA00260244 /* URLAccessErrors.swift in Sources */,
				6774DBAE212E8A9500886DF3 /* Result.swift in Sources */,
				67AA6AD8212DFB2200260244 /* TaskSessionDelegate.swift in Sources */,
				6774DBB4212E8DD800886DF3 /* DataTaskResponseExtension.swift in Sources */,
				67AA6AD6212DF3B800260244 /* SessionDelegate.swift in Sources */,
				6774DBB6212E903500886DF3 /* JSONDecoderResponseSerializer.swift in Sources */,
			);
			runOnlyForDeploymentPostprocessing = 0;
		};
		67AA6AA8212DE83C00260244 /* Sources */ = {
			isa = PBXSourcesBuildPhase;
			buildActionMask = 2147483647;
			files = (
				67AA6B14212F522A00260244 /* URLAccessTestModels.swift in Sources */,
				67AA6B15212F522A00260244 /* URLAccessTests.swift in Sources */,
			);
			runOnlyForDeploymentPostprocessing = 0;
		};
/* End PBXSourcesBuildPhase section */

/* Begin PBXTargetDependency section */
		6774DBE12130185700886DF3 /* PBXTargetDependency */ = {
			isa = PBXTargetDependency;
			target = 6774DBDA2130185700886DF3 /* Core */;
			targetProxy = 6774DBE02130185700886DF3 /* PBXContainerItemProxy */;
		};
		6774DBF821301D6800886DF3 /* PBXTargetDependency */ = {
			isa = PBXTargetDependency;
			target = 6774DBDA2130185700886DF3 /* Core */;
			targetProxy = 6774DBF721301D6800886DF3 /* PBXContainerItemProxy */;
		};
		6774DC0B2130241F00886DF3 /* PBXTargetDependency */ = {
			isa = PBXTargetDependency;
			target = 6774DBDA2130185700886DF3 /* Core */;
			targetProxy = 6774DC0A2130241F00886DF3 /* PBXContainerItemProxy */;
		};
		6774DC2A21302DB600886DF3 /* PBXTargetDependency */ = {
			isa = PBXTargetDependency;
			target = 6774DC1E21302DB500886DF3 /* DataStore */;
			targetProxy = 6774DC2921302DB600886DF3 /* PBXContainerItemProxy */;
		};
		6774DC2C21302DB600886DF3 /* PBXTargetDependency */ = {
			isa = PBXTargetDependency;
			target = 67AA6A77212DE41400260244 /* TopReddit */;
			targetProxy = 6774DC2B21302DB600886DF3 /* PBXContainerItemProxy */;
		};
		6774DC3321302DB600886DF3 /* PBXTargetDependency */ = {
			isa = PBXTargetDependency;
			target = 6774DC1E21302DB500886DF3 /* DataStore */;
			targetProxy = 6774DC3221302DB600886DF3 /* PBXContainerItemProxy */;
		};
		6774DC4A21302E9D00886DF3 /* PBXTargetDependency */ = {
			isa = PBXTargetDependency;
			target = 6774DBDA2130185700886DF3 /* Core */;
			targetProxy = 6774DC4921302E9D00886DF3 /* PBXContainerItemProxy */;
		};
		6774DC562130541100886DF3 /* PBXTargetDependency */ = {
			isa = PBXTargetDependency;
			target = 67AA6A77212DE41400260244 /* TopReddit */;
			targetProxy = 6774DC552130541100886DF3 /* PBXContainerItemProxy */;
		};
		67978B702130631C00230527 /* PBXTargetDependency */ = {
			isa = PBXTargetDependency;
			target = 67978B642130631C00230527 /* ImageDownloader */;
			targetProxy = 67978B6F2130631C00230527 /* PBXContainerItemProxy */;
		};
		67978B722130631C00230527 /* PBXTargetDependency */ = {
			isa = PBXTargetDependency;
			target = 67AA6A77212DE41400260244 /* TopReddit */;
			targetProxy = 67978B712130631C00230527 /* PBXContainerItemProxy */;
		};
		67978B792130631C00230527 /* PBXTargetDependency */ = {
			isa = PBXTargetDependency;
			target = 67978B642130631C00230527 /* ImageDownloader */;
			targetProxy = 67978B782130631C00230527 /* PBXContainerItemProxy */;
		};
		67978B92213063D700230527 /* PBXTargetDependency */ = {
			isa = PBXTargetDependency;
			target = 67AA6AA3212DE83C00260244 /* URLAccess */;
			targetProxy = 67978B91213063D700230527 /* PBXContainerItemProxy */;
		};
		67978B94213063D700230527 /* PBXTargetDependency */ = {
			isa = PBXTargetDependency;
			target = 6774DBDA2130185700886DF3 /* Core */;
			targetProxy = 67978B93213063D700230527 /* PBXContainerItemProxy */;
		};
		67978B96213063D700230527 /* PBXTargetDependency */ = {
			isa = PBXTargetDependency;
			target = 6774DC1E21302DB500886DF3 /* DataStore */;
			targetProxy = 67978B95213063D700230527 /* PBXContainerItemProxy */;
		};
		67AA6AAF212DE83C00260244 /* PBXTargetDependency */ = {
			isa = PBXTargetDependency;
			target = 67AA6AA3212DE83C00260244 /* URLAccess */;
			targetProxy = 67AA6AAE212DE83C00260244 /* PBXContainerItemProxy */;
		};
		67AA6AB1212DE83C00260244 /* PBXTargetDependency */ = {
			isa = PBXTargetDependency;
			target = 67AA6A77212DE41400260244 /* TopReddit */;
			targetProxy = 67AA6AB0212DE83C00260244 /* PBXContainerItemProxy */;
		};
		67AA6AB8212DE83C00260244 /* PBXTargetDependency */ = {
			isa = PBXTargetDependency;
			target = 67AA6AA3212DE83C00260244 /* URLAccess */;
			targetProxy = 67AA6AB7212DE83C00260244 /* PBXContainerItemProxy */;
		};
/* End PBXTargetDependency section */

/* Begin PBXVariantGroup section */
		67AA6A90212DE45B00260244 /* LaunchScreen.storyboard */ = {
			isa = PBXVariantGroup;
			children = (
				67AA6A91212DE45B00260244 /* Base */,
			);
			name = LaunchScreen.storyboard;
			sourceTree = "<group>";
		};
		67AA6A92212DE45B00260244 /* Main.storyboard */ = {
			isa = PBXVariantGroup;
			children = (
				67AA6A93212DE45B00260244 /* Base */,
			);
			name = Main.storyboard;
			sourceTree = "<group>";
		};
/* End PBXVariantGroup section */

/* Begin XCBuildConfiguration section */
		6774DBE42130185700886DF3 /* Debug */ = {
			isa = XCBuildConfiguration;
			buildSettings = {
				CLANG_ENABLE_MODULES = YES;
				CODE_SIGN_IDENTITY = "";
				CODE_SIGN_STYLE = Automatic;
				CURRENT_PROJECT_VERSION = 1;
				DEFINES_MODULE = YES;
				DEVELOPMENT_TEAM = 8YQ3XD8FZV;
				DYLIB_COMPATIBILITY_VERSION = 1;
				DYLIB_CURRENT_VERSION = 1;
				DYLIB_INSTALL_NAME_BASE = "@rpath";
				INFOPLIST_FILE = Subprojects/Core/Resources/Info.plist;
				INSTALL_PATH = "$(LOCAL_LIBRARY_DIR)/Frameworks";
				LD_RUNPATH_SEARCH_PATHS = (
					"$(inherited)",
					"@executable_path/Frameworks",
					"@loader_path/Frameworks",
				);
				PRODUCT_BUNDLE_IDENTIFIER = com.h0myach0k.topReddit.Core;
				PRODUCT_NAME = "$(TARGET_NAME:c99extidentifier)";
				SKIP_INSTALL = YES;
				SWIFT_OPTIMIZATION_LEVEL = "-Onone";
				SWIFT_VERSION = 4.0;
				TARGETED_DEVICE_FAMILY = "1,2";
				VERSION_INFO_PREFIX = "";
			};
			name = Debug;
		};
		6774DBE52130185700886DF3 /* Release */ = {
			isa = XCBuildConfiguration;
			buildSettings = {
				CLANG_ENABLE_MODULES = YES;
				CODE_SIGN_IDENTITY = "";
				CODE_SIGN_STYLE = Automatic;
				CURRENT_PROJECT_VERSION = 1;
				DEFINES_MODULE = YES;
				DEVELOPMENT_TEAM = 8YQ3XD8FZV;
				DYLIB_COMPATIBILITY_VERSION = 1;
				DYLIB_CURRENT_VERSION = 1;
				DYLIB_INSTALL_NAME_BASE = "@rpath";
				INFOPLIST_FILE = Subprojects/Core/Resources/Info.plist;
				INSTALL_PATH = "$(LOCAL_LIBRARY_DIR)/Frameworks";
				LD_RUNPATH_SEARCH_PATHS = (
					"$(inherited)",
					"@executable_path/Frameworks",
					"@loader_path/Frameworks",
				);
				PRODUCT_BUNDLE_IDENTIFIER = com.h0myach0k.topReddit.Core;
				PRODUCT_NAME = "$(TARGET_NAME:c99extidentifier)";
				SKIP_INSTALL = YES;
				SWIFT_VERSION = 4.0;
				TARGETED_DEVICE_FAMILY = "1,2";
				VERSION_INFO_PREFIX = "";
			};
			name = Release;
		};
		6774DC0D2130241F00886DF3 /* Debug */ = {
			isa = XCBuildConfiguration;
			buildSettings = {
				CODE_SIGN_STYLE = Automatic;
				DEVELOPMENT_TEAM = 8YQ3XD8FZV;
				INFOPLIST_FILE = Subprojects/Core/Tests/Resources/Plists/Info.plist;
				LD_RUNPATH_SEARCH_PATHS = (
					"$(inherited)",
					"@executable_path/Frameworks",
					"@loader_path/Frameworks",
				);
				PRODUCT_BUNDLE_IDENTIFIER = com.h0myach0k.topReddit.CoreTests;
				PRODUCT_NAME = "$(TARGET_NAME)";
				SWIFT_VERSION = 4.0;
				TARGETED_DEVICE_FAMILY = "1,2";
			};
			name = Debug;
		};
		6774DC0E2130241F00886DF3 /* Release */ = {
			isa = XCBuildConfiguration;
			buildSettings = {
				CODE_SIGN_STYLE = Automatic;
				DEVELOPMENT_TEAM = 8YQ3XD8FZV;
				INFOPLIST_FILE = Subprojects/Core/Tests/Resources/Plists/Info.plist;
				LD_RUNPATH_SEARCH_PATHS = (
					"$(inherited)",
					"@executable_path/Frameworks",
					"@loader_path/Frameworks",
				);
				PRODUCT_BUNDLE_IDENTIFIER = com.h0myach0k.topReddit.CoreTests;
				PRODUCT_NAME = "$(TARGET_NAME)";
				SWIFT_VERSION = 4.0;
				TARGETED_DEVICE_FAMILY = "1,2";
			};
			name = Release;
		};
		6774DC3721302DB600886DF3 /* Debug */ = {
			isa = XCBuildConfiguration;
			buildSettings = {
				CLANG_ENABLE_MODULES = YES;
				CODE_SIGN_IDENTITY = "";
				CODE_SIGN_STYLE = Automatic;
				CURRENT_PROJECT_VERSION = 1;
				DEFINES_MODULE = YES;
				DEVELOPMENT_TEAM = 8YQ3XD8FZV;
				DYLIB_COMPATIBILITY_VERSION = 1;
				DYLIB_CURRENT_VERSION = 1;
				DYLIB_INSTALL_NAME_BASE = "@rpath";
				INFOPLIST_FILE = Subprojects/DataStore/Resources/Plists/Info.plist;
				INSTALL_PATH = "$(LOCAL_LIBRARY_DIR)/Frameworks";
				LD_RUNPATH_SEARCH_PATHS = (
					"$(inherited)",
					"@executable_path/Frameworks",
					"@loader_path/Frameworks",
				);
				PRODUCT_BUNDLE_IDENTIFIER = com.h0myach0k.topReddit.DataStore;
				PRODUCT_NAME = "$(TARGET_NAME:c99extidentifier)";
				SKIP_INSTALL = YES;
				SWIFT_OPTIMIZATION_LEVEL = "-Onone";
				SWIFT_VERSION = 4.0;
				TARGETED_DEVICE_FAMILY = "1,2";
				VERSION_INFO_PREFIX = "";
			};
			name = Debug;
		};
		6774DC3821302DB600886DF3 /* Release */ = {
			isa = XCBuildConfiguration;
			buildSettings = {
				CLANG_ENABLE_MODULES = YES;
				CODE_SIGN_IDENTITY = "";
				CODE_SIGN_STYLE = Automatic;
				CURRENT_PROJECT_VERSION = 1;
				DEFINES_MODULE = YES;
				DEVELOPMENT_TEAM = 8YQ3XD8FZV;
				DYLIB_COMPATIBILITY_VERSION = 1;
				DYLIB_CURRENT_VERSION = 1;
				DYLIB_INSTALL_NAME_BASE = "@rpath";
				INFOPLIST_FILE = Subprojects/DataStore/Resources/Plists/Info.plist;
				INSTALL_PATH = "$(LOCAL_LIBRARY_DIR)/Frameworks";
				LD_RUNPATH_SEARCH_PATHS = (
					"$(inherited)",
					"@executable_path/Frameworks",
					"@loader_path/Frameworks",
				);
				PRODUCT_BUNDLE_IDENTIFIER = com.h0myach0k.topReddit.DataStore;
				PRODUCT_NAME = "$(TARGET_NAME:c99extidentifier)";
				SKIP_INSTALL = YES;
				SWIFT_VERSION = 4.0;
				TARGETED_DEVICE_FAMILY = "1,2";
				VERSION_INFO_PREFIX = "";
			};
			name = Release;
		};
		6774DC3A21302DB600886DF3 /* Debug */ = {
			isa = XCBuildConfiguration;
			buildSettings = {
				ALWAYS_EMBED_SWIFT_STANDARD_LIBRARIES = YES;
				CODE_SIGN_STYLE = Automatic;
				DEVELOPMENT_TEAM = 8YQ3XD8FZV;
				INFOPLIST_FILE = Subprojects/DataStore/Tests/Resources/Info.plist;
				LD_RUNPATH_SEARCH_PATHS = (
					"$(inherited)",
					"@executable_path/Frameworks",
					"@loader_path/Frameworks",
				);
				PRODUCT_BUNDLE_IDENTIFIER = com.h0myach0k.topReddit.DataStoreTests;
				PRODUCT_NAME = "$(TARGET_NAME)";
				SWIFT_VERSION = 4.0;
				TARGETED_DEVICE_FAMILY = "1,2";
			};
			name = Debug;
		};
		6774DC3B21302DB600886DF3 /* Release */ = {
			isa = XCBuildConfiguration;
			buildSettings = {
				ALWAYS_EMBED_SWIFT_STANDARD_LIBRARIES = YES;
				CODE_SIGN_STYLE = Automatic;
				DEVELOPMENT_TEAM = 8YQ3XD8FZV;
				INFOPLIST_FILE = Subprojects/DataStore/Tests/Resources/Info.plist;
				LD_RUNPATH_SEARCH_PATHS = (
					"$(inherited)",
					"@executable_path/Frameworks",
					"@loader_path/Frameworks",
				);
				PRODUCT_BUNDLE_IDENTIFIER = com.h0myach0k.topReddit.DataStoreTests;
				PRODUCT_NAME = "$(TARGET_NAME)";
				SWIFT_VERSION = 4.0;
				TARGETED_DEVICE_FAMILY = "1,2";
			};
			name = Release;
		};
		67978B7C2130631C00230527 /* Debug */ = {
			isa = XCBuildConfiguration;
			buildSettings = {
				CLANG_ENABLE_MODULES = YES;
				CODE_SIGN_IDENTITY = "";
				CODE_SIGN_STYLE = Automatic;
				CURRENT_PROJECT_VERSION = 1;
				DEFINES_MODULE = YES;
				DEVELOPMENT_TEAM = 8YQ3XD8FZV;
				DYLIB_COMPATIBILITY_VERSION = 1;
				DYLIB_CURRENT_VERSION = 1;
				DYLIB_INSTALL_NAME_BASE = "@rpath";
				INFOPLIST_FILE = Subprojects/ImageDownloader/Resources/Plists/Info.plist;
				INSTALL_PATH = "$(LOCAL_LIBRARY_DIR)/Frameworks";
				LD_RUNPATH_SEARCH_PATHS = (
					"$(inherited)",
					"@executable_path/Frameworks",
					"@loader_path/Frameworks",
				);
				PRODUCT_BUNDLE_IDENTIFIER = com.h0myach0k.topReddit.ImageDownloader;
				PRODUCT_NAME = "$(TARGET_NAME:c99extidentifier)";
				SKIP_INSTALL = YES;
				SWIFT_OPTIMIZATION_LEVEL = "-Onone";
				SWIFT_VERSION = 4.0;
				TARGETED_DEVICE_FAMILY = "1,2";
				VERSION_INFO_PREFIX = "";
			};
			name = Debug;
		};
		67978B7D2130631C00230527 /* Release */ = {
			isa = XCBuildConfiguration;
			buildSettings = {
				CLANG_ENABLE_MODULES = YES;
				CODE_SIGN_IDENTITY = "";
				CODE_SIGN_STYLE = Automatic;
				CURRENT_PROJECT_VERSION = 1;
				DEFINES_MODULE = YES;
				DEVELOPMENT_TEAM = 8YQ3XD8FZV;
				DYLIB_COMPATIBILITY_VERSION = 1;
				DYLIB_CURRENT_VERSION = 1;
				DYLIB_INSTALL_NAME_BASE = "@rpath";
				INFOPLIST_FILE = Subprojects/ImageDownloader/Resources/Plists/Info.plist;
				INSTALL_PATH = "$(LOCAL_LIBRARY_DIR)/Frameworks";
				LD_RUNPATH_SEARCH_PATHS = (
					"$(inherited)",
					"@executable_path/Frameworks",
					"@loader_path/Frameworks",
				);
				PRODUCT_BUNDLE_IDENTIFIER = com.h0myach0k.topReddit.ImageDownloader;
				PRODUCT_NAME = "$(TARGET_NAME:c99extidentifier)";
				SKIP_INSTALL = YES;
				SWIFT_VERSION = 4.0;
				TARGETED_DEVICE_FAMILY = "1,2";
				VERSION_INFO_PREFIX = "";
			};
			name = Release;
		};
		67978B7E2130631C00230527 /* Debug */ = {
			isa = XCBuildConfiguration;
			buildSettings = {
				ALWAYS_EMBED_SWIFT_STANDARD_LIBRARIES = YES;
				CODE_SIGN_STYLE = Automatic;
				DEVELOPMENT_TEAM = 8YQ3XD8FZV;
				INFOPLIST_FILE = Subprojects/ImageDownloader/Tests/Resources/Info.plist;
				LD_RUNPATH_SEARCH_PATHS = (
					"$(inherited)",
					"@executable_path/Frameworks",
					"@loader_path/Frameworks",
				);
				PRODUCT_BUNDLE_IDENTIFIER = com.h0myach0k.topReddit.ImageDownloaderTests;
				PRODUCT_NAME = "$(TARGET_NAME)";
				SWIFT_VERSION = 4.0;
				TARGETED_DEVICE_FAMILY = "1,2";
			};
			name = Debug;
		};
		67978B7F2130631C00230527 /* Release */ = {
			isa = XCBuildConfiguration;
			buildSettings = {
				ALWAYS_EMBED_SWIFT_STANDARD_LIBRARIES = YES;
				CODE_SIGN_STYLE = Automatic;
				DEVELOPMENT_TEAM = 8YQ3XD8FZV;
				INFOPLIST_FILE = Subprojects/ImageDownloader/Tests/Resources/Info.plist;
				LD_RUNPATH_SEARCH_PATHS = (
					"$(inherited)",
					"@executable_path/Frameworks",
					"@loader_path/Frameworks",
				);
				PRODUCT_BUNDLE_IDENTIFIER = com.h0myach0k.topReddit.ImageDownloaderTests;
				PRODUCT_NAME = "$(TARGET_NAME)";
				SWIFT_VERSION = 4.0;
				TARGETED_DEVICE_FAMILY = "1,2";
			};
			name = Release;
		};
		67AA6A88212DE41600260244 /* Debug */ = {
			isa = XCBuildConfiguration;
			buildSettings = {
				ALWAYS_SEARCH_USER_PATHS = NO;
				CLANG_ANALYZER_NONNULL = YES;
				CLANG_ANALYZER_NUMBER_OBJECT_CONVERSION = YES_AGGRESSIVE;
				CLANG_CXX_LANGUAGE_STANDARD = "gnu++14";
				CLANG_CXX_LIBRARY = "libc++";
				CLANG_ENABLE_MODULES = YES;
				CLANG_ENABLE_OBJC_ARC = YES;
				CLANG_ENABLE_OBJC_WEAK = YES;
				CLANG_WARN_BLOCK_CAPTURE_AUTORELEASING = YES;
				CLANG_WARN_BOOL_CONVERSION = YES;
				CLANG_WARN_COMMA = YES;
				CLANG_WARN_CONSTANT_CONVERSION = YES;
				CLANG_WARN_DEPRECATED_OBJC_IMPLEMENTATIONS = YES;
				CLANG_WARN_DIRECT_OBJC_ISA_USAGE = YES_ERROR;
				CLANG_WARN_DOCUMENTATION_COMMENTS = YES;
				CLANG_WARN_EMPTY_BODY = YES;
				CLANG_WARN_ENUM_CONVERSION = YES;
				CLANG_WARN_INFINITE_RECURSION = YES;
				CLANG_WARN_INT_CONVERSION = YES;
				CLANG_WARN_NON_LITERAL_NULL_CONVERSION = YES;
				CLANG_WARN_OBJC_IMPLICIT_RETAIN_SELF = YES;
				CLANG_WARN_OBJC_LITERAL_CONVERSION = YES;
				CLANG_WARN_OBJC_ROOT_CLASS = YES_ERROR;
				CLANG_WARN_RANGE_LOOP_ANALYSIS = YES;
				CLANG_WARN_STRICT_PROTOTYPES = YES;
				CLANG_WARN_SUSPICIOUS_MOVE = YES;
				CLANG_WARN_UNGUARDED_AVAILABILITY = YES_AGGRESSIVE;
				CLANG_WARN_UNREACHABLE_CODE = YES;
				CLANG_WARN__DUPLICATE_METHOD_MATCH = YES;
				CODE_SIGN_IDENTITY = "iPhone Developer";
				COPY_PHASE_STRIP = NO;
				DEBUG_INFORMATION_FORMAT = dwarf;
				ENABLE_STRICT_OBJC_MSGSEND = YES;
				ENABLE_TESTABILITY = YES;
				GCC_C_LANGUAGE_STANDARD = gnu11;
				GCC_DYNAMIC_NO_PIC = NO;
				GCC_NO_COMMON_BLOCKS = YES;
				GCC_OPTIMIZATION_LEVEL = 0;
				GCC_PREPROCESSOR_DEFINITIONS = (
					"DEBUG=1",
					"$(inherited)",
				);
				GCC_WARN_64_TO_32_BIT_CONVERSION = YES;
				GCC_WARN_ABOUT_RETURN_TYPE = YES_ERROR;
				GCC_WARN_UNDECLARED_SELECTOR = YES;
				GCC_WARN_UNINITIALIZED_AUTOS = YES_AGGRESSIVE;
				GCC_WARN_UNUSED_FUNCTION = YES;
				GCC_WARN_UNUSED_VARIABLE = YES;
				IPHONEOS_DEPLOYMENT_TARGET = 11.4;
				MTL_ENABLE_DEBUG_INFO = YES;
				ONLY_ACTIVE_ARCH = YES;
				SDKROOT = iphoneos;
				SWIFT_ACTIVE_COMPILATION_CONDITIONS = DEBUG;
				SWIFT_OPTIMIZATION_LEVEL = "-Onone";
				VERSIONING_SYSTEM = "apple-generic";
			};
			name = Debug;
		};
		67AA6A89212DE41600260244 /* Release */ = {
			isa = XCBuildConfiguration;
			buildSettings = {
				ALWAYS_SEARCH_USER_PATHS = NO;
				CLANG_ANALYZER_NONNULL = YES;
				CLANG_ANALYZER_NUMBER_OBJECT_CONVERSION = YES_AGGRESSIVE;
				CLANG_CXX_LANGUAGE_STANDARD = "gnu++14";
				CLANG_CXX_LIBRARY = "libc++";
				CLANG_ENABLE_MODULES = YES;
				CLANG_ENABLE_OBJC_ARC = YES;
				CLANG_ENABLE_OBJC_WEAK = YES;
				CLANG_WARN_BLOCK_CAPTURE_AUTORELEASING = YES;
				CLANG_WARN_BOOL_CONVERSION = YES;
				CLANG_WARN_COMMA = YES;
				CLANG_WARN_CONSTANT_CONVERSION = YES;
				CLANG_WARN_DEPRECATED_OBJC_IMPLEMENTATIONS = YES;
				CLANG_WARN_DIRECT_OBJC_ISA_USAGE = YES_ERROR;
				CLANG_WARN_DOCUMENTATION_COMMENTS = YES;
				CLANG_WARN_EMPTY_BODY = YES;
				CLANG_WARN_ENUM_CONVERSION = YES;
				CLANG_WARN_INFINITE_RECURSION = YES;
				CLANG_WARN_INT_CONVERSION = YES;
				CLANG_WARN_NON_LITERAL_NULL_CONVERSION = YES;
				CLANG_WARN_OBJC_IMPLICIT_RETAIN_SELF = YES;
				CLANG_WARN_OBJC_LITERAL_CONVERSION = YES;
				CLANG_WARN_OBJC_ROOT_CLASS = YES_ERROR;
				CLANG_WARN_RANGE_LOOP_ANALYSIS = YES;
				CLANG_WARN_STRICT_PROTOTYPES = YES;
				CLANG_WARN_SUSPICIOUS_MOVE = YES;
				CLANG_WARN_UNGUARDED_AVAILABILITY = YES_AGGRESSIVE;
				CLANG_WARN_UNREACHABLE_CODE = YES;
				CLANG_WARN__DUPLICATE_METHOD_MATCH = YES;
				CODE_SIGN_IDENTITY = "iPhone Developer";
				COPY_PHASE_STRIP = NO;
				DEBUG_INFORMATION_FORMAT = "dwarf-with-dsym";
				ENABLE_NS_ASSERTIONS = NO;
				ENABLE_STRICT_OBJC_MSGSEND = YES;
				GCC_C_LANGUAGE_STANDARD = gnu11;
				GCC_NO_COMMON_BLOCKS = YES;
				GCC_WARN_64_TO_32_BIT_CONVERSION = YES;
				GCC_WARN_ABOUT_RETURN_TYPE = YES_ERROR;
				GCC_WARN_UNDECLARED_SELECTOR = YES;
				GCC_WARN_UNINITIALIZED_AUTOS = YES_AGGRESSIVE;
				GCC_WARN_UNUSED_FUNCTION = YES;
				GCC_WARN_UNUSED_VARIABLE = YES;
				IPHONEOS_DEPLOYMENT_TARGET = 11.4;
				MTL_ENABLE_DEBUG_INFO = NO;
				SDKROOT = iphoneos;
				SWIFT_COMPILATION_MODE = wholemodule;
				SWIFT_OPTIMIZATION_LEVEL = "-O";
				VALIDATE_PRODUCT = YES;
				VERSIONING_SYSTEM = "apple-generic";
			};
			name = Release;
		};
		67AA6A8B212DE41600260244 /* Debug */ = {
			isa = XCBuildConfiguration;
			buildSettings = {
				ALWAYS_EMBED_SWIFT_STANDARD_LIBRARIES = YES;
				ASSETCATALOG_COMPILER_APPICON_NAME = AppIcon;
				CODE_SIGN_STYLE = Automatic;
				CURRENT_PROJECT_VERSION = 1;
				DEVELOPMENT_TEAM = 8YQ3XD8FZV;
				INFOPLIST_FILE = Resources/Plists/Info.plist;
				LD_RUNPATH_SEARCH_PATHS = (
					"$(inherited)",
					"@executable_path/Frameworks",
				);
				PRODUCT_BUNDLE_IDENTIFIER = com.h0myach0k.TopReddit;
				PRODUCT_NAME = "$(TARGET_NAME)";
				SWIFT_VERSION = 4.0;
				TARGETED_DEVICE_FAMILY = 1;
			};
			name = Debug;
		};
		67AA6A8C212DE41600260244 /* Release */ = {
			isa = XCBuildConfiguration;
			buildSettings = {
				ALWAYS_EMBED_SWIFT_STANDARD_LIBRARIES = YES;
				ASSETCATALOG_COMPILER_APPICON_NAME = AppIcon;
				CODE_SIGN_STYLE = Automatic;
				CURRENT_PROJECT_VERSION = 1;
				DEVELOPMENT_TEAM = 8YQ3XD8FZV;
				INFOPLIST_FILE = Resources/Plists/Info.plist;
				LD_RUNPATH_SEARCH_PATHS = (
					"$(inherited)",
					"@executable_path/Frameworks",
				);
				PRODUCT_BUNDLE_IDENTIFIER = com.h0myach0k.TopReddit;
				PRODUCT_NAME = "$(TARGET_NAME)";
				SWIFT_VERSION = 4.0;
				TARGETED_DEVICE_FAMILY = 1;
			};
			name = Release;
		};
		67AA6ABC212DE83C00260244 /* Debug */ = {
			isa = XCBuildConfiguration;
			buildSettings = {
				CLANG_ENABLE_MODULES = YES;
				CODE_SIGN_IDENTITY = "";
				CODE_SIGN_STYLE = Automatic;
				CURRENT_PROJECT_VERSION = 1;
				DEFINES_MODULE = YES;
				DEVELOPMENT_TEAM = 8YQ3XD8FZV;
				DYLIB_COMPATIBILITY_VERSION = 1;
				DYLIB_CURRENT_VERSION = 1;
				DYLIB_INSTALL_NAME_BASE = "@rpath";
				INFOPLIST_FILE = Subprojects/URLAccess/Resources/Info.plist;
				INSTALL_PATH = "$(LOCAL_LIBRARY_DIR)/Frameworks";
				LD_RUNPATH_SEARCH_PATHS = (
					"$(inherited)",
					"@executable_path/Frameworks",
					"@loader_path/Frameworks",
				);
				PRODUCT_BUNDLE_IDENTIFIER = com.h0myach0k.URLAccess;
				PRODUCT_NAME = "$(TARGET_NAME:c99extidentifier)";
				SKIP_INSTALL = YES;
				SWIFT_OPTIMIZATION_LEVEL = "-Onone";
				SWIFT_VERSION = 4.0;
				TARGETED_DEVICE_FAMILY = "1,2";
				VERSION_INFO_PREFIX = "";
			};
			name = Debug;
		};
		67AA6ABD212DE83C00260244 /* Release */ = {
			isa = XCBuildConfiguration;
			buildSettings = {
				CLANG_ENABLE_MODULES = YES;
				CODE_SIGN_IDENTITY = "";
				CODE_SIGN_STYLE = Automatic;
				CURRENT_PROJECT_VERSION = 1;
				DEFINES_MODULE = YES;
				DEVELOPMENT_TEAM = 8YQ3XD8FZV;
				DYLIB_COMPATIBILITY_VERSION = 1;
				DYLIB_CURRENT_VERSION = 1;
				DYLIB_INSTALL_NAME_BASE = "@rpath";
				INFOPLIST_FILE = Subprojects/URLAccess/Resources/Info.plist;
				INSTALL_PATH = "$(LOCAL_LIBRARY_DIR)/Frameworks";
				LD_RUNPATH_SEARCH_PATHS = (
					"$(inherited)",
					"@executable_path/Frameworks",
					"@loader_path/Frameworks",
				);
				PRODUCT_BUNDLE_IDENTIFIER = com.h0myach0k.URLAccess;
				PRODUCT_NAME = "$(TARGET_NAME:c99extidentifier)";
				SKIP_INSTALL = YES;
				SWIFT_VERSION = 4.0;
				TARGETED_DEVICE_FAMILY = "1,2";
				VERSION_INFO_PREFIX = "";
			};
			name = Release;
		};
		67AA6AC0212DE83C00260244 /* Debug */ = {
			isa = XCBuildConfiguration;
			buildSettings = {
				ALWAYS_EMBED_SWIFT_STANDARD_LIBRARIES = YES;
				CODE_SIGN_STYLE = Automatic;
				DEVELOPMENT_TEAM = 8YQ3XD8FZV;
				INFOPLIST_FILE = Subprojects/URLAccess/Tests/Resources/Plists/Info.plist;
				LD_RUNPATH_SEARCH_PATHS = (
					"$(inherited)",
					"@executable_path/Frameworks",
					"@loader_path/Frameworks",
				);
				PRODUCT_BUNDLE_IDENTIFIER = com.h0myach0k.URLAccessTests;
				PRODUCT_NAME = "$(TARGET_NAME)";
				SWIFT_VERSION = 4.0;
				TARGETED_DEVICE_FAMILY = "1,2";
			};
			name = Debug;
		};
		67AA6AC1212DE83C00260244 /* Release */ = {
			isa = XCBuildConfiguration;
			buildSettings = {
				ALWAYS_EMBED_SWIFT_STANDARD_LIBRARIES = YES;
				CODE_SIGN_STYLE = Automatic;
				DEVELOPMENT_TEAM = 8YQ3XD8FZV;
				INFOPLIST_FILE = Subprojects/URLAccess/Tests/Resources/Plists/Info.plist;
				LD_RUNPATH_SEARCH_PATHS = (
					"$(inherited)",
					"@executable_path/Frameworks",
					"@loader_path/Frameworks",
				);
				PRODUCT_BUNDLE_IDENTIFIER = com.h0myach0k.URLAccessTests;
				PRODUCT_NAME = "$(TARGET_NAME)";
				SWIFT_VERSION = 4.0;
				TARGETED_DEVICE_FAMILY = "1,2";
			};
			name = Release;
		};
/* End XCBuildConfiguration section */

/* Begin XCConfigurationList section */
		6774DBE62130185700886DF3 /* Build configuration list for PBXNativeTarget "Core" */ = {
			isa = XCConfigurationList;
			buildConfigurations = (
				6774DBE42130185700886DF3 /* Debug */,
				6774DBE52130185700886DF3 /* Release */,
			);
			defaultConfigurationIsVisible = 0;
			defaultConfigurationName = Release;
		};
		6774DC0C2130241F00886DF3 /* Build configuration list for PBXNativeTarget "CoreTests" */ = {
			isa = XCConfigurationList;
			buildConfigurations = (
				6774DC0D2130241F00886DF3 /* Debug */,
				6774DC0E2130241F00886DF3 /* Release */,
			);
			defaultConfigurationIsVisible = 0;
			defaultConfigurationName = Release;
		};
		6774DC3621302DB600886DF3 /* Build configuration list for PBXNativeTarget "DataStore" */ = {
			isa = XCConfigurationList;
			buildConfigurations = (
				6774DC3721302DB600886DF3 /* Debug */,
				6774DC3821302DB600886DF3 /* Release */,
			);
			defaultConfigurationIsVisible = 0;
			defaultConfigurationName = Release;
		};
		6774DC3921302DB600886DF3 /* Build configuration list for PBXNativeTarget "DataStoreTests" */ = {
			isa = XCConfigurationList;
			buildConfigurations = (
				6774DC3A21302DB600886DF3 /* Debug */,
				6774DC3B21302DB600886DF3 /* Release */,
			);
			defaultConfigurationIsVisible = 0;
			defaultConfigurationName = Release;
		};
		67978B802130631C00230527 /* Build configuration list for PBXNativeTarget "ImageDownloader" */ = {
			isa = XCConfigurationList;
			buildConfigurations = (
				67978B7C2130631C00230527 /* Debug */,
				67978B7D2130631C00230527 /* Release */,
			);
			defaultConfigurationIsVisible = 0;
			defaultConfigurationName = Release;
		};
		67978B812130631C00230527 /* Build configuration list for PBXNativeTarget "ImageDownloaderTests" */ = {
			isa = XCConfigurationList;
			buildConfigurations = (
				67978B7E2130631C00230527 /* Debug */,
				67978B7F2130631C00230527 /* Release */,
			);
			defaultConfigurationIsVisible = 0;
			defaultConfigurationName = Release;
		};
		67AA6A73212DE41400260244 /* Build configuration list for PBXProject "TopReddit" */ = {
			isa = XCConfigurationList;
			buildConfigurations = (
				67AA6A88212DE41600260244 /* Debug */,
				67AA6A89212DE41600260244 /* Release */,
			);
			defaultConfigurationIsVisible = 0;
			defaultConfigurationName = Release;
		};
		67AA6A8A212DE41600260244 /* Build configuration list for PBXNativeTarget "TopReddit" */ = {
			isa = XCConfigurationList;
			buildConfigurations = (
				67AA6A8B212DE41600260244 /* Debug */,
				67AA6A8C212DE41600260244 /* Release */,
			);
			defaultConfigurationIsVisible = 0;
			defaultConfigurationName = Release;
		};
		67AA6ABB212DE83C00260244 /* Build configuration list for PBXNativeTarget "URLAccess" */ = {
			isa = XCConfigurationList;
			buildConfigurations = (
				67AA6ABC212DE83C00260244 /* Debug */,
				67AA6ABD212DE83C00260244 /* Release */,
			);
			defaultConfigurationIsVisible = 0;
			defaultConfigurationName = Release;
		};
		67AA6ABF212DE83C00260244 /* Build configuration list for PBXNativeTarget "URLAccessTests" */ = {
			isa = XCConfigurationList;
			buildConfigurations = (
				67AA6AC0212DE83C00260244 /* Debug */,
				67AA6AC1212DE83C00260244 /* Release */,
			);
			defaultConfigurationIsVisible = 0;
			defaultConfigurationName = Release;
		};
/* End XCConfigurationList section */
	};
	rootObject = 67AA6A70212DE41400260244 /* Project object */;
}
