// !$*UTF8*$!
{
	archiveVersion = 1;
	classes = {
	};
	objectVersion = 50;
	objects = {

/* Begin PBXBuildFile section */
		67AA6A99212DE45B00260244 /* Assets.xcassets in Resources */ = {isa = PBXBuildFile; fileRef = 67AA6A8E212DE45B00260244 /* Assets.xcassets */; };
		67AA6A9A212DE45B00260244 /* LaunchScreen.storyboard in Resources */ = {isa = PBXBuildFile; fileRef = 67AA6A90212DE45B00260244 /* LaunchScreen.storyboard */; };
		67AA6A9B212DE45B00260244 /* Main.storyboard in Resources */ = {isa = PBXBuildFile; fileRef = 67AA6A92212DE45B00260244 /* Main.storyboard */; };
		67AA6A9D212DE45B00260244 /* AppDelegate.swift in Sources */ = {isa = PBXBuildFile; fileRef = 67AA6A97212DE45B00260244 /* AppDelegate.swift */; };
		67AA6A9E212DE45B00260244 /* ViewController.swift in Sources */ = {isa = PBXBuildFile; fileRef = 67AA6A98212DE45B00260244 /* ViewController.swift */; };
/* End PBXBuildFile section */

/* Begin PBXFileReference section */
		67AA6A78212DE41400260244 /* TopReddit.app */ = {isa = PBXFileReference; explicitFileType = wrapper.application; includeInIndex = 0; path = TopReddit.app; sourceTree = BUILT_PRODUCTS_DIR; };
		67AA6A8E212DE45B00260244 /* Assets.xcassets */ = {isa = PBXFileReference; lastKnownFileType = folder.assetcatalog; path = Assets.xcassets; sourceTree = "<group>"; };
		67AA6A91212DE45B00260244 /* Base */ = {isa = PBXFileReference; lastKnownFileType = file.storyboard; name = Base; path = Base.lproj/LaunchScreen.storyboard; sourceTree = "<group>"; };
		67AA6A93212DE45B00260244 /* Base */ = {isa = PBXFileReference; lastKnownFileType = file.storyboard; name = Base; path = Base.lproj/Main.storyboard; sourceTree = "<group>"; };
		67AA6A95212DE45B00260244 /* Info.plist */ = {isa = PBXFileReference; fileEncoding = 4; lastKnownFileType = text.plist.xml; path = Info.plist; sourceTree = "<group>"; };
		67AA6A97212DE45B00260244 /* AppDelegate.swift */ = {isa = PBXFileReference; fileEncoding = 4; lastKnownFileType = sourcecode.swift; path = AppDelegate.swift; sourceTree = "<group>"; };
		67AA6A98212DE45B00260244 /* ViewController.swift */ = {isa = PBXFileReference; fileEncoding = 4; lastKnownFileType = sourcecode.swift; path = ViewController.swift; sourceTree = "<group>"; };
/* End PBXFileReference section */

/* Begin PBXFrameworksBuildPhase section */
		67AA6A75212DE41400260244 /* Frameworks */ = {
			isa = PBXFrameworksBuildPhase;
			buildActionMask = 2147483647;
			files = (
			);
			runOnlyForDeploymentPostprocessing = 0;
		};
/* End PBXFrameworksBuildPhase section */

/* Begin PBXGroup section */
		67AA6A6F212DE41400260244 = {
			isa = PBXGroup;
			children = (
				67AA6A96212DE45B00260244 /* Sources */,
				67AA6A8D212DE45B00260244 /* Resources */,
				67AA6A79212DE41400260244 /* Products */,
			);
			sourceTree = "<group>";
		};
		67AA6A79212DE41400260244 /* Products */ = {
			isa = PBXGroup;
			children = (
				67AA6A78212DE41400260244 /* TopReddit.app */,
			);
			name = Products;
			sourceTree = "<group>";
		};
		67AA6A8D212DE45B00260244 /* Resources */ = {
			isa = PBXGroup;
			children = (
				67AA6A8E212DE45B00260244 /* Assets.xcassets */,
				67AA6A8F212DE45B00260244 /* Localizable */,
				67AA6A94212DE45B00260244 /* Plists */,
			);
			path = Resources;
			sourceTree = "<group>";
		};
		67AA6A8F212DE45B00260244 /* Localizable */ = {
			isa = PBXGroup;
			children = (
				67AA6A90212DE45B00260244 /* LaunchScreen.storyboard */,
				67AA6A92212DE45B00260244 /* Main.storyboard */,
			);
			path = Localizable;
			sourceTree = "<group>";
		};
		67AA6A94212DE45B00260244 /* Plists */ = {
			isa = PBXGroup;
			children = (
				67AA6A95212DE45B00260244 /* Info.plist */,
			);
			path = Plists;
			sourceTree = "<group>";
		};
		67AA6A96212DE45B00260244 /* Sources */ = {
			isa = PBXGroup;
			children = (
				67AA6A97212DE45B00260244 /* AppDelegate.swift */,
				67AA6A98212DE45B00260244 /* ViewController.swift */,
			);
			path = Sources;
			sourceTree = "<group>";
		};
/* End PBXGroup section */

/* Begin PBXNativeTarget section */
		67AA6A77212DE41400260244 /* TopReddit */ = {
			isa = PBXNativeTarget;
			buildConfigurationList = 67AA6A8A212DE41600260244 /* Build configuration list for PBXNativeTarget "TopReddit" */;
			buildPhases = (
				67AA6A74212DE41400260244 /* Sources */,
				67AA6A75212DE41400260244 /* Frameworks */,
				67AA6A76212DE41400260244 /* Resources */,
			);
			buildRules = (
			);
			dependencies = (
			);
			name = TopReddit;
			productName = TopReddit;
			productReference = 67AA6A78212DE41400260244 /* TopReddit.app */;
			productType = "com.apple.product-type.application";
		};
/* End PBXNativeTarget section */

/* Begin PBXProject section */
		67AA6A70212DE41400260244 /* Project object */ = {
			isa = PBXProject;
			attributes = {
				LastSwiftUpdateCheck = 0940;
				LastUpgradeCheck = 0940;
				ORGANIZATIONNAME = "Iurii Khomiak";
				TargetAttributes = {
					67AA6A77212DE41400260244 = {
						CreatedOnToolsVersion = 9.4.1;
					};
				};
			};
			buildConfigurationList = 67AA6A73212DE41400260244 /* Build configuration list for PBXProject "TopReddit" */;
			compatibilityVersion = "Xcode 9.3";
			developmentRegion = en;
			hasScannedForEncodings = 0;
			knownRegions = (
				en,
				Base,
			);
			mainGroup = 67AA6A6F212DE41400260244;
			productRefGroup = 67AA6A79212DE41400260244 /* Products */;
			projectDirPath = "";
			projectRoot = "";
			targets = (
				67AA6A77212DE41400260244 /* TopReddit */,
			);
		};
/* End PBXProject section */

/* Begin PBXResourcesBuildPhase section */
		67AA6A76212DE41400260244 /* Resources */ = {
			isa = PBXResourcesBuildPhase;
			buildActionMask = 2147483647;
			files = (
				67AA6A9B212DE45B00260244 /* Main.storyboard in Resources */,
				67AA6A99212DE45B00260244 /* Assets.xcassets in Resources */,
				67AA6A9A212DE45B00260244 /* LaunchScreen.storyboard in Resources */,
			);
			runOnlyForDeploymentPostprocessing = 0;
		};
/* End PBXResourcesBuildPhase section */

/* Begin PBXSourcesBuildPhase section */
		67AA6A74212DE41400260244 /* Sources */ = {
			isa = PBXSourcesBuildPhase;
			buildActionMask = 2147483647;
			files = (
				67AA6A9E212DE45B00260244 /* ViewController.swift in Sources */,
				67AA6A9D212DE45B00260244 /* AppDelegate.swift in Sources */,
			);
			runOnlyForDeploymentPostprocessing = 0;
		};
/* End PBXSourcesBuildPhase section */

/* Begin PBXVariantGroup section */
		67AA6A90212DE45B00260244 /* LaunchScreen.storyboard */ = {
			isa = PBXVariantGroup;
			children = (
				67AA6A91212DE45B00260244 /* Base */,
			);
			name = LaunchScreen.storyboard;
			sourceTree = "<group>";
		};
		67AA6A92212DE45B00260244 /* Main.storyboard */ = {
			isa = PBXVariantGroup;
			children = (
				67AA6A93212DE45B00260244 /* Base */,
			);
			name = Main.storyboard;
			sourceTree = "<group>";
		};
/* End PBXVariantGroup section */

/* Begin XCBuildConfiguration section */
		67AA6A88212DE41600260244 /* Debug */ = {
			isa = XCBuildConfiguration;
			buildSettings = {
				ALWAYS_SEARCH_USER_PATHS = NO;
				CLANG_ANALYZER_NONNULL = YES;
				CLANG_ANALYZER_NUMBER_OBJECT_CONVERSION = YES_AGGRESSIVE;
				CLANG_CXX_LANGUAGE_STANDARD = "gnu++14";
				CLANG_CXX_LIBRARY = "libc++";
				CLANG_ENABLE_MODULES = YES;
				CLANG_ENABLE_OBJC_ARC = YES;
				CLANG_ENABLE_OBJC_WEAK = YES;
				CLANG_WARN_BLOCK_CAPTURE_AUTORELEASING = YES;
				CLANG_WARN_BOOL_CONVERSION = YES;
				CLANG_WARN_COMMA = YES;
				CLANG_WARN_CONSTANT_CONVERSION = YES;
				CLANG_WARN_DEPRECATED_OBJC_IMPLEMENTATIONS = YES;
				CLANG_WARN_DIRECT_OBJC_ISA_USAGE = YES_ERROR;
				CLANG_WARN_DOCUMENTATION_COMMENTS = YES;
				CLANG_WARN_EMPTY_BODY = YES;
				CLANG_WARN_ENUM_CONVERSION = YES;
				CLANG_WARN_INFINITE_RECURSION = YES;
				CLANG_WARN_INT_CONVERSION = YES;
				CLANG_WARN_NON_LITERAL_NULL_CONVERSION = YES;
				CLANG_WARN_OBJC_IMPLICIT_RETAIN_SELF = YES;
				CLANG_WARN_OBJC_LITERAL_CONVERSION = YES;
				CLANG_WARN_OBJC_ROOT_CLASS = YES_ERROR;
				CLANG_WARN_RANGE_LOOP_ANALYSIS = YES;
				CLANG_WARN_STRICT_PROTOTYPES = YES;
				CLANG_WARN_SUSPICIOUS_MOVE = YES;
				CLANG_WARN_UNGUARDED_AVAILABILITY = YES_AGGRESSIVE;
				CLANG_WARN_UNREACHABLE_CODE = YES;
				CLANG_WARN__DUPLICATE_METHOD_MATCH = YES;
				CODE_SIGN_IDENTITY = "iPhone Developer";
				COPY_PHASE_STRIP = NO;
				DEBUG_INFORMATION_FORMAT = dwarf;
				ENABLE_STRICT_OBJC_MSGSEND = YES;
				ENABLE_TESTABILITY = YES;
				GCC_C_LANGUAGE_STANDARD = gnu11;
				GCC_DYNAMIC_NO_PIC = NO;
				GCC_NO_COMMON_BLOCKS = YES;
				GCC_OPTIMIZATION_LEVEL = 0;
				GCC_PREPROCESSOR_DEFINITIONS = (
					"DEBUG=1",
					"$(inherited)",
				);
				GCC_WARN_64_TO_32_BIT_CONVERSION = YES;
				GCC_WARN_ABOUT_RETURN_TYPE = YES_ERROR;
				GCC_WARN_UNDECLARED_SELECTOR = YES;
				GCC_WARN_UNINITIALIZED_AUTOS = YES_AGGRESSIVE;
				GCC_WARN_UNUSED_FUNCTION = YES;
				GCC_WARN_UNUSED_VARIABLE = YES;
				IPHONEOS_DEPLOYMENT_TARGET = 11.4;
				MTL_ENABLE_DEBUG_INFO = YES;
				ONLY_ACTIVE_ARCH = YES;
				SDKROOT = iphoneos;
				SWIFT_ACTIVE_COMPILATION_CONDITIONS = DEBUG;
				SWIFT_OPTIMIZATION_LEVEL = "-Onone";
				VERSIONING_SYSTEM = "apple-generic";
			};
			name = Debug;
		};
		67AA6A89212DE41600260244 /* Release */ = {
			isa = XCBuildConfiguration;
			buildSettings = {
				ALWAYS_SEARCH_USER_PATHS = NO;
				CLANG_ANALYZER_NONNULL = YES;
				CLANG_ANALYZER_NUMBER_OBJECT_CONVERSION = YES_AGGRESSIVE;
				CLANG_CXX_LANGUAGE_STANDARD = "gnu++14";
				CLANG_CXX_LIBRARY = "libc++";
				CLANG_ENABLE_MODULES = YES;
				CLANG_ENABLE_OBJC_ARC = YES;
				CLANG_ENABLE_OBJC_WEAK = YES;
				CLANG_WARN_BLOCK_CAPTURE_AUTORELEASING = YES;
				CLANG_WARN_BOOL_CONVERSION = YES;
				CLANG_WARN_COMMA = YES;
				CLANG_WARN_CONSTANT_CONVERSION = YES;
				CLANG_WARN_DEPRECATED_OBJC_IMPLEMENTATIONS = YES;
				CLANG_WARN_DIRECT_OBJC_ISA_USAGE = YES_ERROR;
				CLANG_WARN_DOCUMENTATION_COMMENTS = YES;
				CLANG_WARN_EMPTY_BODY = YES;
				CLANG_WARN_ENUM_CONVERSION = YES;
				CLANG_WARN_INFINITE_RECURSION = YES;
				CLANG_WARN_INT_CONVERSION = YES;
				CLANG_WARN_NON_LITERAL_NULL_CONVERSION = YES;
				CLANG_WARN_OBJC_IMPLICIT_RETAIN_SELF = YES;
				CLANG_WARN_OBJC_LITERAL_CONVERSION = YES;
				CLANG_WARN_OBJC_ROOT_CLASS = YES_ERROR;
				CLANG_WARN_RANGE_LOOP_ANALYSIS = YES;
				CLANG_WARN_STRICT_PROTOTYPES = YES;
				CLANG_WARN_SUSPICIOUS_MOVE = YES;
				CLANG_WARN_UNGUARDED_AVAILABILITY = YES_AGGRESSIVE;
				CLANG_WARN_UNREACHABLE_CODE = YES;
				CLANG_WARN__DUPLICATE_METHOD_MATCH = YES;
				CODE_SIGN_IDENTITY = "iPhone Developer";
				COPY_PHASE_STRIP = NO;
				DEBUG_INFORMATION_FORMAT = "dwarf-with-dsym";
				ENABLE_NS_ASSERTIONS = NO;
				ENABLE_STRICT_OBJC_MSGSEND = YES;
				GCC_C_LANGUAGE_STANDARD = gnu11;
				GCC_NO_COMMON_BLOCKS = YES;
				GCC_WARN_64_TO_32_BIT_CONVERSION = YES;
				GCC_WARN_ABOUT_RETURN_TYPE = YES_ERROR;
				GCC_WARN_UNDECLARED_SELECTOR = YES;
				GCC_WARN_UNINITIALIZED_AUTOS = YES_AGGRESSIVE;
				GCC_WARN_UNUSED_FUNCTION = YES;
				GCC_WARN_UNUSED_VARIABLE = YES;
				IPHONEOS_DEPLOYMENT_TARGET = 11.4;
				MTL_ENABLE_DEBUG_INFO = NO;
				SDKROOT = iphoneos;
				SWIFT_COMPILATION_MODE = wholemodule;
				SWIFT_OPTIMIZATION_LEVEL = "-O";
				VALIDATE_PRODUCT = YES;
				VERSIONING_SYSTEM = "apple-generic";
			};
			name = Release;
		};
		67AA6A8B212DE41600260244 /* Debug */ = {
			isa = XCBuildConfiguration;
			buildSettings = {
				ASSETCATALOG_COMPILER_APPICON_NAME = AppIcon;
				CODE_SIGN_STYLE = Automatic;
				CURRENT_PROJECT_VERSION = 1;
				DEVELOPMENT_TEAM = 8YQ3XD8FZV;
				INFOPLIST_FILE = Resources/Plists/Info.plist;
				LD_RUNPATH_SEARCH_PATHS = (
					"$(inherited)",
					"@executable_path/Frameworks",
				);
				PRODUCT_BUNDLE_IDENTIFIER = com.h0myach0k.TopReddit;
				PRODUCT_NAME = "$(TARGET_NAME)";
				SWIFT_VERSION = 4.0;
				TARGETED_DEVICE_FAMILY = "1,2";
			};
			name = Debug;
		};
		67AA6A8C212DE41600260244 /* Release */ = {
			isa = XCBuildConfiguration;
			buildSettings = {
				ASSETCATALOG_COMPILER_APPICON_NAME = AppIcon;
				CODE_SIGN_STYLE = Automatic;
				CURRENT_PROJECT_VERSION = 1;
				DEVELOPMENT_TEAM = 8YQ3XD8FZV;
				INFOPLIST_FILE = Resources/Plists/Info.plist;
				LD_RUNPATH_SEARCH_PATHS = (
					"$(inherited)",
					"@executable_path/Frameworks",
				);
				PRODUCT_BUNDLE_IDENTIFIER = com.h0myach0k.TopReddit;
				PRODUCT_NAME = "$(TARGET_NAME)";
				SWIFT_VERSION = 4.0;
				TARGETED_DEVICE_FAMILY = "1,2";
			};
			name = Release;
		};
/* End XCBuildConfiguration section */

/* Begin XCConfigurationList section */
		67AA6A73212DE41400260244 /* Build configuration list for PBXProject "TopReddit" */ = {
			isa = XCConfigurationList;
			buildConfigurations = (
				67AA6A88212DE41600260244 /* Debug */,
				67AA6A89212DE41600260244 /* Release */,
			);
			defaultConfigurationIsVisible = 0;
			defaultConfigurationName = Release;
		};
		67AA6A8A212DE41600260244 /* Build configuration list for PBXNativeTarget "TopReddit" */ = {
			isa = XCConfigurationList;
			buildConfigurations = (
				67AA6A8B212DE41600260244 /* Debug */,
				67AA6A8C212DE41600260244 /* Release */,
			);
			defaultConfigurationIsVisible = 0;
			defaultConfigurationName = Release;
		};
/* End XCConfigurationList section */
	};
	rootObject = 67AA6A70212DE41400260244 /* Project object */;
}
